// !$*UTF8*$!
{
	archiveVersion = 1;
	classes = {
	};
	objectVersion = 46;
	objects = {

/* Begin PBXBuildFile section */
		11FEDC701BF8AE396CBFA280 /* Pods_SwiftySRP_Base_SwiftySRP.framework in Frameworks */ = {isa = PBXBuildFile; fileRef = F59A7100C8CBC36C1AB01B41 /* Pods_SwiftySRP_Base_SwiftySRP.framework */; };
		A05694BEC3ACB141AF182B03 /* Pods_SwiftySRP_Base_SwiftySRP_SwiftySRPTests.framework in Frameworks */ = {isa = PBXBuildFile; fileRef = 0922B69B065556E86D599A64 /* Pods_SwiftySRP_Base_SwiftySRP_SwiftySRPTests.framework */; };
		A50090BF1E4C74BD00238562 /* SwiftySRP.framework in Frameworks */ = {isa = PBXBuildFile; fileRef = A50090B51E4C74BD00238562 /* SwiftySRP.framework */; };
		A50090C41E4C74BD00238562 /* SwiftySRPTests.swift in Sources */ = {isa = PBXBuildFile; fileRef = A50090C31E4C74BD00238562 /* SwiftySRPTests.swift */; };
		A50090C61E4C74BD00238562 /* SwiftySRP.h in Headers */ = {isa = PBXBuildFile; fileRef = A50090B81E4C74BD00238562 /* SwiftySRP.h */; settings = {ATTRIBUTES = (Public, ); }; };
		A50091051E4C961100238562 /* SRP.swift in Sources */ = {isa = PBXBuildFile; fileRef = A50091041E4C961100238562 /* SRP.swift */; };
		A52B24C81E7FF54B0024707F /* SRPDataGenericImpl.swift in Sources */ = {isa = PBXBuildFile; fileRef = A52B24C71E7FF54B0024707F /* SRPDataGenericImpl.swift */; };
		A52B24CA1E7FFB9C0024707F /* SRPData+BigIntType.swift in Sources */ = {isa = PBXBuildFile; fileRef = A52B24C91E7FFB9C0024707F /* SRPData+BigIntType.swift */; };
		A52B24CC1E800ED40024707F /* SRPGenericImpl.swift in Sources */ = {isa = PBXBuildFile; fileRef = A52B24CB1E800ED40024707F /* SRPGenericImpl.swift */; };
		A54DFB681E7AD094003F4DB0 /* SRPMpzT.swift in Sources */ = {isa = PBXBuildFile; fileRef = A54DFB671E7AD094003F4DB0 /* SRPMpzT.swift */; };
		A56827421F545DD300C4A80D /* BigInt.framework in Frameworks */ = {isa = PBXBuildFile; fileRef = A56827411F545DD300C4A80D /* BigInt.framework */; };
		A56827441F545DDD00C4A80D /* SipHash.framework in Frameworks */ = {isa = PBXBuildFile; fileRef = A56827431F545DDD00C4A80D /* SipHash.framework */; };
		A58ACE871E5D818000FF2C0D /* SRPConfiguration.swift in Sources */ = {isa = PBXBuildFile; fileRef = A58ACE861E5D818000FF2C0D /* SRPConfiguration.swift */; };
		A58ACE8D1E5D826400FF2C0D /* SRPUtil.swift in Sources */ = {isa = PBXBuildFile; fileRef = A58ACE8C1E5D826400FF2C0D /* SRPUtil.swift */; };
		A58ACE8F1E5D82B400FF2C0D /* SRPProtocol.swift in Sources */ = {isa = PBXBuildFile; fileRef = A58ACE8E1E5D82B400FF2C0D /* SRPProtocol.swift */; };
		A58ACE911E5D858B00FF2C0D /* SRPData.swift in Sources */ = {isa = PBXBuildFile; fileRef = A58ACE901E5D858B00FF2C0D /* SRPData.swift */; };
		A58ACE971E5D8A8500FF2C0D /* SRPError.swift in Sources */ = {isa = PBXBuildFile; fileRef = A58ACE961E5D8A8500FF2C0D /* SRPError.swift */; };
		A5BF31AA1E7A9AA400EC5BCA /* imath.c in Sources */ = {isa = PBXBuildFile; fileRef = A5BF31A71E7A9AA400EC5BCA /* imath.c */; };
		A5BF31B01E7ABFEE00EC5BCA /* imath+additions.c in Sources */ = {isa = PBXBuildFile; fileRef = A5BF31AE1E7ABFEE00EC5BCA /* imath+additions.c */; };
		A5D057561F5454A1004BC5D6 /* SRPData.swift in Sources */ = {isa = PBXBuildFile; fileRef = A58ACE901E5D858B00FF2C0D /* SRPData.swift */; };
		A5D057571F5454A1004BC5D6 /* SRP.swift in Sources */ = {isa = PBXBuildFile; fileRef = A50091041E4C961100238562 /* SRP.swift */; };
		A5D057581F5454A1004BC5D6 /* SRPError.swift in Sources */ = {isa = PBXBuildFile; fileRef = A58ACE961E5D8A8500FF2C0D /* SRPError.swift */; };
		A5D057591F5454A1004BC5D6 /* imath+additions.c in Sources */ = {isa = PBXBuildFile; fileRef = A5BF31AE1E7ABFEE00EC5BCA /* imath+additions.c */; };
		A5D0575A1F5454A1004BC5D6 /* SRP+Extensions.swift in Sources */ = {isa = PBXBuildFile; fileRef = A5D4B1DB1E7C2C0F00BC9A9A /* SRP+Extensions.swift */; };
		A5D0575B1F5454A1004BC5D6 /* SRPMpzT.swift in Sources */ = {isa = PBXBuildFile; fileRef = A54DFB671E7AD094003F4DB0 /* SRPMpzT.swift */; };
		A5D0575C1F5454A1004BC5D6 /* SRPGenericImpl.swift in Sources */ = {isa = PBXBuildFile; fileRef = A52B24CB1E800ED40024707F /* SRPGenericImpl.swift */; };
		A5D0575D1F5454A1004BC5D6 /* SRPProtocol.swift in Sources */ = {isa = PBXBuildFile; fileRef = A58ACE8E1E5D82B400FF2C0D /* SRPProtocol.swift */; };
		A5D0575E1F5454A1004BC5D6 /* SRPConfiguration.swift in Sources */ = {isa = PBXBuildFile; fileRef = A58ACE861E5D818000FF2C0D /* SRPConfiguration.swift */; };
		A5D0575F1F5454A1004BC5D6 /* imath.c in Sources */ = {isa = PBXBuildFile; fileRef = A5BF31A71E7A9AA400EC5BCA /* imath.c */; };
		A5D057601F5454A1004BC5D6 /* SRPBigIntProtocol.swift in Sources */ = {isa = PBXBuildFile; fileRef = A5D4B1C81E7BE5C800BC9A9A /* SRPBigIntProtocol.swift */; };
		A5D057611F5454A1004BC5D6 /* SRPDataGenericImpl.swift in Sources */ = {isa = PBXBuildFile; fileRef = A52B24C71E7FF54B0024707F /* SRPDataGenericImpl.swift */; };
		A5D057621F5454A1004BC5D6 /* SRPData+BigIntType.swift in Sources */ = {isa = PBXBuildFile; fileRef = A52B24C91E7FFB9C0024707F /* SRPData+BigIntType.swift */; };
		A5D057631F5454A1004BC5D6 /* SRPUtil.swift in Sources */ = {isa = PBXBuildFile; fileRef = A58ACE8C1E5D826400FF2C0D /* SRPUtil.swift */; };
		A5D057641F5454A1004BC5D6 /* SRPConfigurationGenericImpl.swift in Sources */ = {isa = PBXBuildFile; fileRef = A5D4B1D91E7C1D2100BC9A9A /* SRPConfigurationGenericImpl.swift */; };
		A5D057651F5454A1004BC5D6 /* SRPConfiguration+Extensions.swift in Sources */ = {isa = PBXBuildFile; fileRef = A5D4B1DD1E7C2D0A00BC9A9A /* SRPConfiguration+Extensions.swift */; };
		A5D057691F5454A1004BC5D6 /* SwiftySRP.h in Headers */ = {isa = PBXBuildFile; fileRef = A50090B81E4C74BD00238562 /* SwiftySRP.h */; settings = {ATTRIBUTES = (Public, ); }; };
		A5D4B1C91E7BE5C800BC9A9A /* SRPBigIntProtocol.swift in Sources */ = {isa = PBXBuildFile; fileRef = A5D4B1C81E7BE5C800BC9A9A /* SRPBigIntProtocol.swift */; };
		A5D4B1DA1E7C1D2100BC9A9A /* SRPConfigurationGenericImpl.swift in Sources */ = {isa = PBXBuildFile; fileRef = A5D4B1D91E7C1D2100BC9A9A /* SRPConfigurationGenericImpl.swift */; };
		A5D4B1DC1E7C2C0F00BC9A9A /* SRP+Extensions.swift in Sources */ = {isa = PBXBuildFile; fileRef = A5D4B1DB1E7C2C0F00BC9A9A /* SRP+Extensions.swift */; };
		A5D4B1DE1E7C2D0A00BC9A9A /* SRPConfiguration+Extensions.swift in Sources */ = {isa = PBXBuildFile; fileRef = A5D4B1DD1E7C2D0A00BC9A9A /* SRPConfiguration+Extensions.swift */; };
/* End PBXBuildFile section */

/* Begin PBXContainerItemProxy section */
		A50090C01E4C74BD00238562 /* PBXContainerItemProxy */ = {
			isa = PBXContainerItemProxy;
			containerPortal = A50090AC1E4C74BD00238562 /* Project object */;
			proxyType = 1;
			remoteGlobalIDString = A50090B41E4C74BD00238562;
			remoteInfo = SwiftySRP;
		};
/* End PBXContainerItemProxy section */

/* Begin PBXFileReference section */
		03CEC297138466C580FA298C /* Pods-SwiftySRP_Base-SwiftySRP.debug.xcconfig */ = {isa = PBXFileReference; includeInIndex = 1; lastKnownFileType = text.xcconfig; name = "Pods-SwiftySRP_Base-SwiftySRP.debug.xcconfig"; path = "Pods/Target Support Files/Pods-SwiftySRP_Base-SwiftySRP/Pods-SwiftySRP_Base-SwiftySRP.debug.xcconfig"; sourceTree = "<group>"; };
		0922B69B065556E86D599A64 /* Pods_SwiftySRP_Base_SwiftySRP_SwiftySRPTests.framework */ = {isa = PBXFileReference; explicitFileType = wrapper.framework; includeInIndex = 0; path = Pods_SwiftySRP_Base_SwiftySRP_SwiftySRPTests.framework; sourceTree = BUILT_PRODUCTS_DIR; };
		10ED35AB66D3B09F03A8CAC1 /* Pods-SwiftySRP_Base-SwiftySRP-SwiftySRPTests.debug.xcconfig */ = {isa = PBXFileReference; includeInIndex = 1; lastKnownFileType = text.xcconfig; name = "Pods-SwiftySRP_Base-SwiftySRP-SwiftySRPTests.debug.xcconfig"; path = "Pods/Target Support Files/Pods-SwiftySRP_Base-SwiftySRP-SwiftySRPTests/Pods-SwiftySRP_Base-SwiftySRP-SwiftySRPTests.debug.xcconfig"; sourceTree = "<group>"; };
		2FB021FC76E81CB3156016E2 /* Pods-SwiftySRP_Base-SwiftySRP-SwiftySRPTests.release.xcconfig */ = {isa = PBXFileReference; includeInIndex = 1; lastKnownFileType = text.xcconfig; name = "Pods-SwiftySRP_Base-SwiftySRP-SwiftySRPTests.release.xcconfig"; path = "Pods/Target Support Files/Pods-SwiftySRP_Base-SwiftySRP-SwiftySRPTests/Pods-SwiftySRP_Base-SwiftySRP-SwiftySRPTests.release.xcconfig"; sourceTree = "<group>"; };
		8489902F0C68A50F44D97659 /* Pods-SwiftySRP_Base-SwiftySRP.release.xcconfig */ = {isa = PBXFileReference; includeInIndex = 1; lastKnownFileType = text.xcconfig; name = "Pods-SwiftySRP_Base-SwiftySRP.release.xcconfig"; path = "Pods/Target Support Files/Pods-SwiftySRP_Base-SwiftySRP/Pods-SwiftySRP_Base-SwiftySRP.release.xcconfig"; sourceTree = "<group>"; };
		A50090B51E4C74BD00238562 /* SwiftySRP.framework */ = {isa = PBXFileReference; explicitFileType = wrapper.framework; includeInIndex = 0; path = SwiftySRP.framework; sourceTree = BUILT_PRODUCTS_DIR; };
		A50090B81E4C74BD00238562 /* SwiftySRP.h */ = {isa = PBXFileReference; lastKnownFileType = sourcecode.c.h; path = SwiftySRP.h; sourceTree = "<group>"; };
		A50090B91E4C74BD00238562 /* Info.plist */ = {isa = PBXFileReference; lastKnownFileType = text.plist.xml; path = Info.plist; sourceTree = "<group>"; };
		A50090BE1E4C74BD00238562 /* SwiftySRPTests.xctest */ = {isa = PBXFileReference; explicitFileType = wrapper.cfbundle; includeInIndex = 0; path = SwiftySRPTests.xctest; sourceTree = BUILT_PRODUCTS_DIR; };
		A50090C31E4C74BD00238562 /* SwiftySRPTests.swift */ = {isa = PBXFileReference; lastKnownFileType = sourcecode.swift; path = SwiftySRPTests.swift; sourceTree = "<group>"; };
		A50090C51E4C74BD00238562 /* Info.plist */ = {isa = PBXFileReference; lastKnownFileType = text.plist.xml; path = Info.plist; sourceTree = "<group>"; };
		A50091041E4C961100238562 /* SRP.swift */ = {isa = PBXFileReference; fileEncoding = 4; lastKnownFileType = sourcecode.swift; path = SRP.swift; sourceTree = "<group>"; };
		A52B24C71E7FF54B0024707F /* SRPDataGenericImpl.swift */ = {isa = PBXFileReference; fileEncoding = 4; lastKnownFileType = sourcecode.swift; path = SRPDataGenericImpl.swift; sourceTree = "<group>"; };
		A52B24C91E7FFB9C0024707F /* SRPData+BigIntType.swift */ = {isa = PBXFileReference; fileEncoding = 4; lastKnownFileType = sourcecode.swift; path = "SRPData+BigIntType.swift"; sourceTree = "<group>"; };
		A52B24CB1E800ED40024707F /* SRPGenericImpl.swift */ = {isa = PBXFileReference; fileEncoding = 4; lastKnownFileType = sourcecode.swift; path = SRPGenericImpl.swift; sourceTree = "<group>"; };
		A53E4F1F1E5B522000C7DDEA /* SwiftySRPTests-Bridging-Header.h */ = {isa = PBXFileReference; lastKnownFileType = sourcecode.c.h; path = "SwiftySRPTests-Bridging-Header.h"; sourceTree = "<group>"; };
		A54DFB671E7AD094003F4DB0 /* SRPMpzT.swift */ = {isa = PBXFileReference; fileEncoding = 4; lastKnownFileType = sourcecode.swift; path = SRPMpzT.swift; sourceTree = "<group>"; };
		A56827411F545DD300C4A80D /* BigInt.framework */ = {isa = PBXFileReference; lastKnownFileType = wrapper.framework; name = BigInt.framework; path = Carthage/Build/iOS/BigInt.framework; sourceTree = "<group>"; };
		A56827431F545DDD00C4A80D /* SipHash.framework */ = {isa = PBXFileReference; lastKnownFileType = wrapper.framework; name = SipHash.framework; path = Carthage/Build/iOS/SipHash.framework; sourceTree = "<group>"; };
		A58ACE861E5D818000FF2C0D /* SRPConfiguration.swift */ = {isa = PBXFileReference; fileEncoding = 4; lastKnownFileType = sourcecode.swift; path = SRPConfiguration.swift; sourceTree = "<group>"; };
		A58ACE8C1E5D826400FF2C0D /* SRPUtil.swift */ = {isa = PBXFileReference; fileEncoding = 4; lastKnownFileType = sourcecode.swift; path = SRPUtil.swift; sourceTree = "<group>"; };
		A58ACE8E1E5D82B400FF2C0D /* SRPProtocol.swift */ = {isa = PBXFileReference; fileEncoding = 4; lastKnownFileType = sourcecode.swift; path = SRPProtocol.swift; sourceTree = "<group>"; };
		A58ACE901E5D858B00FF2C0D /* SRPData.swift */ = {isa = PBXFileReference; fileEncoding = 4; lastKnownFileType = sourcecode.swift; path = SRPData.swift; sourceTree = "<group>"; };
		A58ACE961E5D8A8500FF2C0D /* SRPError.swift */ = {isa = PBXFileReference; fileEncoding = 4; lastKnownFileType = sourcecode.swift; path = SRPError.swift; sourceTree = "<group>"; };
		A5A56B671E5C34560024CA0A /* README.md */ = {isa = PBXFileReference; fileEncoding = 4; lastKnownFileType = net.daringfireball.markdown; path = README.md; sourceTree = "<group>"; };
		A5BF31A71E7A9AA400EC5BCA /* imath.c */ = {isa = PBXFileReference; fileEncoding = 4; lastKnownFileType = sourcecode.c.c; path = imath.c; sourceTree = "<group>"; };
		A5BF31A81E7A9AA400EC5BCA /* imath.h */ = {isa = PBXFileReference; fileEncoding = 4; lastKnownFileType = sourcecode.c.h; path = imath.h; sourceTree = "<group>"; };
		A5BF31A91E7A9AA400EC5BCA /* module.modulemap */ = {isa = PBXFileReference; fileEncoding = 4; lastKnownFileType = "sourcecode.module-map"; path = module.modulemap; sourceTree = "<group>"; };
		A5BF31AE1E7ABFEE00EC5BCA /* imath+additions.c */ = {isa = PBXFileReference; fileEncoding = 4; lastKnownFileType = sourcecode.c.c; path = "imath+additions.c"; sourceTree = "<group>"; };
		A5BF31AF1E7ABFEE00EC5BCA /* imath+additions.h */ = {isa = PBXFileReference; fileEncoding = 4; lastKnownFileType = sourcecode.c.h; path = "imath+additions.h"; sourceTree = "<group>"; };
		A5D0576F1F5454A1004BC5D6 /* SwiftySRP.framework */ = {isa = PBXFileReference; explicitFileType = wrapper.framework; includeInIndex = 0; path = SwiftySRP.framework; sourceTree = BUILT_PRODUCTS_DIR; };
		A5D057701F5454A1004BC5D6 /* SwiftySRP copy-Info.plist */ = {isa = PBXFileReference; lastKnownFileType = text.plist.xml; name = "SwiftySRP copy-Info.plist"; path = "/Users/sergey/Projects/SwiftySRP/SwiftySRP copy-Info.plist"; sourceTree = "<absolute>"; };
		A5D4B1C81E7BE5C800BC9A9A /* SRPBigIntProtocol.swift */ = {isa = PBXFileReference; fileEncoding = 4; lastKnownFileType = sourcecode.swift; path = SRPBigIntProtocol.swift; sourceTree = "<group>"; };
		A5D4B1D91E7C1D2100BC9A9A /* SRPConfigurationGenericImpl.swift */ = {isa = PBXFileReference; fileEncoding = 4; lastKnownFileType = sourcecode.swift; path = SRPConfigurationGenericImpl.swift; sourceTree = "<group>"; };
		A5D4B1DB1E7C2C0F00BC9A9A /* SRP+Extensions.swift */ = {isa = PBXFileReference; fileEncoding = 4; lastKnownFileType = sourcecode.swift; path = "SRP+Extensions.swift"; sourceTree = "<group>"; };
		A5D4B1DD1E7C2D0A00BC9A9A /* SRPConfiguration+Extensions.swift */ = {isa = PBXFileReference; fileEncoding = 4; lastKnownFileType = sourcecode.swift; path = "SRPConfiguration+Extensions.swift"; sourceTree = "<group>"; };
		F59A7100C8CBC36C1AB01B41 /* Pods_SwiftySRP_Base_SwiftySRP.framework */ = {isa = PBXFileReference; explicitFileType = wrapper.framework; includeInIndex = 0; path = Pods_SwiftySRP_Base_SwiftySRP.framework; sourceTree = BUILT_PRODUCTS_DIR; };
/* End PBXFileReference section */

/* Begin PBXFrameworksBuildPhase section */
		A50090B11E4C74BD00238562 /* Frameworks */ = {
			isa = PBXFrameworksBuildPhase;
			buildActionMask = 2147483647;
			files = (
				11FEDC701BF8AE396CBFA280 /* Pods_SwiftySRP_Base_SwiftySRP.framework in Frameworks */,
			);
			runOnlyForDeploymentPostprocessing = 0;
		};
		A50090BB1E4C74BD00238562 /* Frameworks */ = {
			isa = PBXFrameworksBuildPhase;
			buildActionMask = 2147483647;
			files = (
				A50090BF1E4C74BD00238562 /* SwiftySRP.framework in Frameworks */,
				A05694BEC3ACB141AF182B03 /* Pods_SwiftySRP_Base_SwiftySRP_SwiftySRPTests.framework in Frameworks */,
			);
			runOnlyForDeploymentPostprocessing = 0;
		};
		A5D057661F5454A1004BC5D6 /* Frameworks */ = {
			isa = PBXFrameworksBuildPhase;
			buildActionMask = 2147483647;
			files = (
				A56827421F545DD300C4A80D /* BigInt.framework in Frameworks */,
				A56827441F545DDD00C4A80D /* SipHash.framework in Frameworks */,
			);
			runOnlyForDeploymentPostprocessing = 0;
		};
/* End PBXFrameworksBuildPhase section */

/* Begin PBXGroup section */
		1F81678CD039CA044C2F09CC /* Pods */ = {
			isa = PBXGroup;
			children = (
				10ED35AB66D3B09F03A8CAC1 /* Pods-SwiftySRP_Base-SwiftySRP-SwiftySRPTests.debug.xcconfig */,
				2FB021FC76E81CB3156016E2 /* Pods-SwiftySRP_Base-SwiftySRP-SwiftySRPTests.release.xcconfig */,
				03CEC297138466C580FA298C /* Pods-SwiftySRP_Base-SwiftySRP.debug.xcconfig */,
				8489902F0C68A50F44D97659 /* Pods-SwiftySRP_Base-SwiftySRP.release.xcconfig */,
			);
			name = Pods;
			sourceTree = "<group>";
		};
		7DFD5AD894CA7CC238161CAA /* Frameworks */ = {
			isa = PBXGroup;
			children = (
				A56827431F545DDD00C4A80D /* SipHash.framework */,
				A56827411F545DD300C4A80D /* BigInt.framework */,
				F59A7100C8CBC36C1AB01B41 /* Pods_SwiftySRP_Base_SwiftySRP.framework */,
				0922B69B065556E86D599A64 /* Pods_SwiftySRP_Base_SwiftySRP_SwiftySRPTests.framework */,
			);
			name = Frameworks;
			sourceTree = "<group>";
		};
		A50090AB1E4C74BD00238562 = {
			isa = PBXGroup;
			children = (
				A5BF31A61E7A9A8500EC5BCA /* imath */,
				A5A56B671E5C34560024CA0A /* README.md */,
				A50090B71E4C74BD00238562 /* SwiftySRP */,
				A50090C21E4C74BD00238562 /* SwiftySRPTests */,
				A50090B61E4C74BD00238562 /* Products */,
				1F81678CD039CA044C2F09CC /* Pods */,
				7DFD5AD894CA7CC238161CAA /* Frameworks */,
				A5D057701F5454A1004BC5D6 /* SwiftySRP copy-Info.plist */,
			);
			sourceTree = "<group>";
		};
		A50090B61E4C74BD00238562 /* Products */ = {
			isa = PBXGroup;
			children = (
				A50090B51E4C74BD00238562 /* SwiftySRP.framework */,
				A50090BE1E4C74BD00238562 /* SwiftySRPTests.xctest */,
				A5D0576F1F5454A1004BC5D6 /* SwiftySRP.framework */,
			);
			name = Products;
			sourceTree = "<group>";
		};
		A50090B71E4C74BD00238562 /* SwiftySRP */ = {
			isa = PBXGroup;
			children = (
				A50090B81E4C74BD00238562 /* SwiftySRP.h */,
				A50090B91E4C74BD00238562 /* Info.plist */,
				A5D4B1CD1E7BE9E500BC9A9A /* Configuration */,
				A5D4B1CF1E7BEA5700BC9A9A /* Common */,
				A5D4B1CE1E7BEA3400BC9A9A /* Main */,
				A5D4B1D11E7BEB0300BC9A9A /* Implementation */,
			);
			path = SwiftySRP;
			sourceTree = "<group>";
		};
		A50090C21E4C74BD00238562 /* SwiftySRPTests */ = {
			isa = PBXGroup;
			children = (
				A50090C31E4C74BD00238562 /* SwiftySRPTests.swift */,
				A50090C51E4C74BD00238562 /* Info.plist */,
				A53E4F1F1E5B522000C7DDEA /* SwiftySRPTests-Bridging-Header.h */,
			);
			path = SwiftySRPTests;
			sourceTree = "<group>";
		};
		A5BF31A61E7A9A8500EC5BCA /* imath */ = {
			isa = PBXGroup;
			children = (
				A5BF31A71E7A9AA400EC5BCA /* imath.c */,
				A5BF31A81E7A9AA400EC5BCA /* imath.h */,
				A5BF31A91E7A9AA400EC5BCA /* module.modulemap */,
				A5BF31AE1E7ABFEE00EC5BCA /* imath+additions.c */,
				A5BF31AF1E7ABFEE00EC5BCA /* imath+additions.h */,
			);
			path = imath;
			sourceTree = "<group>";
		};
		A5D4B1CD1E7BE9E500BC9A9A /* Configuration */ = {
			isa = PBXGroup;
			children = (
				A58ACE861E5D818000FF2C0D /* SRPConfiguration.swift */,
			);
			name = Configuration;
			sourceTree = "<group>";
		};
		A5D4B1CE1E7BEA3400BC9A9A /* Main */ = {
			isa = PBXGroup;
			children = (
				A50091041E4C961100238562 /* SRP.swift */,
				A58ACE8E1E5D82B400FF2C0D /* SRPProtocol.swift */,
			);
			name = Main;
			sourceTree = "<group>";
		};
		A5D4B1CF1E7BEA5700BC9A9A /* Common */ = {
			isa = PBXGroup;
			children = (
				A58ACE901E5D858B00FF2C0D /* SRPData.swift */,
				A58ACE961E5D8A8500FF2C0D /* SRPError.swift */,
				A58ACE8C1E5D826400FF2C0D /* SRPUtil.swift */,
				A5D4B1C81E7BE5C800BC9A9A /* SRPBigIntProtocol.swift */,
			);
			name = Common;
			sourceTree = "<group>";
		};
		A5D4B1D11E7BEB0300BC9A9A /* Implementation */ = {
			isa = PBXGroup;
			children = (
				A5D4B1D91E7C1D2100BC9A9A /* SRPConfigurationGenericImpl.swift */,
				A5D4B1DB1E7C2C0F00BC9A9A /* SRP+Extensions.swift */,
				A5D4B1DD1E7C2D0A00BC9A9A /* SRPConfiguration+Extensions.swift */,
				A52B24C71E7FF54B0024707F /* SRPDataGenericImpl.swift */,
				A52B24C91E7FFB9C0024707F /* SRPData+BigIntType.swift */,
				A52B24CB1E800ED40024707F /* SRPGenericImpl.swift */,
				A54DFB671E7AD094003F4DB0 /* SRPMpzT.swift */,
			);
			name = Implementation;
			sourceTree = "<group>";
		};
/* End PBXGroup section */

/* Begin PBXHeadersBuildPhase section */
		A50090B21E4C74BD00238562 /* Headers */ = {
			isa = PBXHeadersBuildPhase;
			buildActionMask = 2147483647;
			files = (
				A50090C61E4C74BD00238562 /* SwiftySRP.h in Headers */,
			);
			runOnlyForDeploymentPostprocessing = 0;
		};
		A5D057681F5454A1004BC5D6 /* Headers */ = {
			isa = PBXHeadersBuildPhase;
			buildActionMask = 2147483647;
			files = (
				A5D057691F5454A1004BC5D6 /* SwiftySRP.h in Headers */,
			);
			runOnlyForDeploymentPostprocessing = 0;
		};
/* End PBXHeadersBuildPhase section */

/* Begin PBXNativeTarget section */
		A50090B41E4C74BD00238562 /* SwiftySRP */ = {
			isa = PBXNativeTarget;
			buildConfigurationList = A50090C91E4C74BD00238562 /* Build configuration list for PBXNativeTarget "SwiftySRP" */;
			buildPhases = (
				4665B05514EC9D9401474991 /* [CP] Check Pods Manifest.lock */,
				A50090B01E4C74BD00238562 /* Sources */,
				A50090B11E4C74BD00238562 /* Frameworks */,
				A50090B21E4C74BD00238562 /* Headers */,
				A50090B31E4C74BD00238562 /* Resources */,
				7B576870A96E0529A510ADB5 /* [CP] Copy Pods Resources */,
			);
			buildRules = (
			);
			dependencies = (
			);
			name = SwiftySRP;
			productName = SwiftySRP;
			productReference = A50090B51E4C74BD00238562 /* SwiftySRP.framework */;
			productType = "com.apple.product-type.framework";
		};
		A50090BD1E4C74BD00238562 /* SwiftySRPTests */ = {
			isa = PBXNativeTarget;
			buildConfigurationList = A50090CC1E4C74BD00238562 /* Build configuration list for PBXNativeTarget "SwiftySRPTests" */;
			buildPhases = (
				BD890336167236BD4F0E34CA /* [CP] Check Pods Manifest.lock */,
				A50090BA1E4C74BD00238562 /* Sources */,
				A50090BB1E4C74BD00238562 /* Frameworks */,
				A50090BC1E4C74BD00238562 /* Resources */,
				158DF17AB5908212726A520E /* [CP] Embed Pods Frameworks */,
				5E39A3A646D368CB3450EDAC /* [CP] Copy Pods Resources */,
			);
			buildRules = (
			);
			dependencies = (
				A50090C11E4C74BD00238562 /* PBXTargetDependency */,
			);
			name = SwiftySRPTests;
			productName = SwiftySRPTests;
			productReference = A50090BE1E4C74BD00238562 /* SwiftySRPTests.xctest */;
			productType = "com.apple.product-type.bundle.unit-test";
		};
		A5D057531F5454A1004BC5D6 /* SwiftySRP-iOS */ = {
			isa = PBXNativeTarget;
			buildConfigurationList = A5D0576C1F5454A1004BC5D6 /* Build configuration list for PBXNativeTarget "SwiftySRP-iOS" */;
			buildPhases = (
				A5D057551F5454A1004BC5D6 /* Sources */,
				A5D057661F5454A1004BC5D6 /* Frameworks */,
				A5D057681F5454A1004BC5D6 /* Headers */,
				A5D0576A1F5454A1004BC5D6 /* Resources */,
			);
			buildRules = (
			);
			dependencies = (
			);
			name = "SwiftySRP-iOS";
			productName = SwiftySRP;
			productReference = A5D0576F1F5454A1004BC5D6 /* SwiftySRP.framework */;
			productType = "com.apple.product-type.framework";
		};
/* End PBXNativeTarget section */

/* Begin PBXProject section */
		A50090AC1E4C74BD00238562 /* Project object */ = {
			isa = PBXProject;
			attributes = {
				LastSwiftUpdateCheck = 0820;
				LastUpgradeCheck = 0820;
				ORGANIZATIONNAME = "Flock of Files";
				TargetAttributes = {
					A50090B41E4C74BD00238562 = {
						CreatedOnToolsVersion = 8.2.1;
						DevelopmentTeam = U3842W8E3U;
						LastSwiftMigration = 0820;
						ProvisioningStyle = Automatic;
					};
					A50090BD1E4C74BD00238562 = {
						CreatedOnToolsVersion = 8.2.1;
						DevelopmentTeam = U3842W8E3U;
						LastSwiftMigration = 0820;
						ProvisioningStyle = Automatic;
					};
					A5D057531F5454A1004BC5D6 = {
						DevelopmentTeam = U3842W8E3U;
					};
				};
			};
			buildConfigurationList = A50090AF1E4C74BD00238562 /* Build configuration list for PBXProject "SwiftySRP" */;
			compatibilityVersion = "Xcode 3.2";
			developmentRegion = English;
			hasScannedForEncodings = 0;
			knownRegions = (
				en,
			);
			mainGroup = A50090AB1E4C74BD00238562;
			productRefGroup = A50090B61E4C74BD00238562 /* Products */;
			projectDirPath = "";
			projectRoot = "";
			targets = (
				A50090B41E4C74BD00238562 /* SwiftySRP */,
				A50090BD1E4C74BD00238562 /* SwiftySRPTests */,
				A5D057531F5454A1004BC5D6 /* SwiftySRP-iOS */,
			);
		};
/* End PBXProject section */

/* Begin PBXResourcesBuildPhase section */
		A50090B31E4C74BD00238562 /* Resources */ = {
			isa = PBXResourcesBuildPhase;
			buildActionMask = 2147483647;
			files = (
			);
			runOnlyForDeploymentPostprocessing = 0;
		};
		A50090BC1E4C74BD00238562 /* Resources */ = {
			isa = PBXResourcesBuildPhase;
			buildActionMask = 2147483647;
			files = (
			);
			runOnlyForDeploymentPostprocessing = 0;
		};
		A5D0576A1F5454A1004BC5D6 /* Resources */ = {
			isa = PBXResourcesBuildPhase;
			buildActionMask = 2147483647;
			files = (
			);
			runOnlyForDeploymentPostprocessing = 0;
		};
/* End PBXResourcesBuildPhase section */

/* Begin PBXShellScriptBuildPhase section */
		158DF17AB5908212726A520E /* [CP] Embed Pods Frameworks */ = {
			isa = PBXShellScriptBuildPhase;
			buildActionMask = 2147483647;
			files = (
			);
			inputPaths = (
				"${SRCROOT}/Pods/Target Support Files/Pods-SwiftySRP_Base-SwiftySRP-SwiftySRPTests/Pods-SwiftySRP_Base-SwiftySRP-SwiftySRPTests-frameworks.sh",
				"${BUILT_PRODUCTS_DIR}/BigInt/BigInt.framework",
				"${BUILT_PRODUCTS_DIR}/FFDataWrapper/FFDataWrapper.framework",
				"${BUILT_PRODUCTS_DIR}/SipHash/SipHash.framework",
			);
			name = "[CP] Embed Pods Frameworks";
			outputPaths = (
				"${TARGET_BUILD_DIR}/${FRAMEWORKS_FOLDER_PATH}/BigInt.framework",
				"${TARGET_BUILD_DIR}/${FRAMEWORKS_FOLDER_PATH}/FFDataWrapper.framework",
				"${TARGET_BUILD_DIR}/${FRAMEWORKS_FOLDER_PATH}/SipHash.framework",
			);
			runOnlyForDeploymentPostprocessing = 0;
			shellPath = /bin/sh;
			shellScript = "\"${SRCROOT}/Pods/Target Support Files/Pods-SwiftySRP_Base-SwiftySRP-SwiftySRPTests/Pods-SwiftySRP_Base-SwiftySRP-SwiftySRPTests-frameworks.sh\"\n";
			showEnvVarsInLog = 0;
		};
		4665B05514EC9D9401474991 /* [CP] Check Pods Manifest.lock */ = {
			isa = PBXShellScriptBuildPhase;
			buildActionMask = 2147483647;
			files = (
			);
			inputPaths = (
				"${PODS_PODFILE_DIR_PATH}/Podfile.lock",
				"${PODS_ROOT}/Manifest.lock",
			);
			name = "[CP] Check Pods Manifest.lock";
			outputPaths = (
				"$(DERIVED_FILE_DIR)/Pods-SwiftySRP_Base-SwiftySRP-checkManifestLockResult.txt",
			);
			runOnlyForDeploymentPostprocessing = 0;
			shellPath = /bin/sh;
			shellScript = "diff \"${PODS_PODFILE_DIR_PATH}/Podfile.lock\" \"${PODS_ROOT}/Manifest.lock\" > /dev/null\nif [ $? != 0 ] ; then\n    # print error to STDERR\n    echo \"error: The sandbox is not in sync with the Podfile.lock. Run 'pod install' or update your CocoaPods installation.\" >&2\n    exit 1\nfi\n# This output is used by Xcode 'outputs' to avoid re-running this script phase.\necho \"SUCCESS\" > \"${SCRIPT_OUTPUT_FILE_0}\"\n";
			showEnvVarsInLog = 0;
		};
		5E39A3A646D368CB3450EDAC /* [CP] Copy Pods Resources */ = {
			isa = PBXShellScriptBuildPhase;
			buildActionMask = 2147483647;
			files = (
			);
			inputPaths = (
			);
			name = "[CP] Copy Pods Resources";
			outputPaths = (
			);
			runOnlyForDeploymentPostprocessing = 0;
			shellPath = /bin/sh;
			shellScript = "\"${SRCROOT}/Pods/Target Support Files/Pods-SwiftySRP_Base-SwiftySRP-SwiftySRPTests/Pods-SwiftySRP_Base-SwiftySRP-SwiftySRPTests-resources.sh\"\n";
			showEnvVarsInLog = 0;
		};
		7B576870A96E0529A510ADB5 /* [CP] Copy Pods Resources */ = {
			isa = PBXShellScriptBuildPhase;
			buildActionMask = 2147483647;
			files = (
			);
			inputPaths = (
			);
			name = "[CP] Copy Pods Resources";
			outputPaths = (
			);
			runOnlyForDeploymentPostprocessing = 0;
			shellPath = /bin/sh;
			shellScript = "\"${SRCROOT}/Pods/Target Support Files/Pods-SwiftySRP_Base-SwiftySRP/Pods-SwiftySRP_Base-SwiftySRP-resources.sh\"\n";
			showEnvVarsInLog = 0;
		};
		BD890336167236BD4F0E34CA /* [CP] Check Pods Manifest.lock */ = {
			isa = PBXShellScriptBuildPhase;
			buildActionMask = 2147483647;
			files = (
			);
			inputPaths = (
				"${PODS_PODFILE_DIR_PATH}/Podfile.lock",
				"${PODS_ROOT}/Manifest.lock",
			);
			name = "[CP] Check Pods Manifest.lock";
			outputPaths = (
				"$(DERIVED_FILE_DIR)/Pods-SwiftySRP_Base-SwiftySRP-SwiftySRPTests-checkManifestLockResult.txt",
			);
			runOnlyForDeploymentPostprocessing = 0;
			shellPath = /bin/sh;
			shellScript = "diff \"${PODS_PODFILE_DIR_PATH}/Podfile.lock\" \"${PODS_ROOT}/Manifest.lock\" > /dev/null\nif [ $? != 0 ] ; then\n    # print error to STDERR\n    echo \"error: The sandbox is not in sync with the Podfile.lock. Run 'pod install' or update your CocoaPods installation.\" >&2\n    exit 1\nfi\n# This output is used by Xcode 'outputs' to avoid re-running this script phase.\necho \"SUCCESS\" > \"${SCRIPT_OUTPUT_FILE_0}\"\n";
			showEnvVarsInLog = 0;
		};
/* End PBXShellScriptBuildPhase section */

/* Begin PBXSourcesBuildPhase section */
		A50090B01E4C74BD00238562 /* Sources */ = {
			isa = PBXSourcesBuildPhase;
			buildActionMask = 2147483647;
			files = (
				A58ACE911E5D858B00FF2C0D /* SRPData.swift in Sources */,
				A50091051E4C961100238562 /* SRP.swift in Sources */,
				A58ACE971E5D8A8500FF2C0D /* SRPError.swift in Sources */,
				A5BF31B01E7ABFEE00EC5BCA /* imath+additions.c in Sources */,
				A5D4B1DC1E7C2C0F00BC9A9A /* SRP+Extensions.swift in Sources */,
				A54DFB681E7AD094003F4DB0 /* SRPMpzT.swift in Sources */,
				A52B24CC1E800ED40024707F /* SRPGenericImpl.swift in Sources */,
				A58ACE8F1E5D82B400FF2C0D /* SRPProtocol.swift in Sources */,
				A58ACE871E5D818000FF2C0D /* SRPConfiguration.swift in Sources */,
				A5BF31AA1E7A9AA400EC5BCA /* imath.c in Sources */,
				A5D4B1C91E7BE5C800BC9A9A /* SRPBigIntProtocol.swift in Sources */,
				A52B24C81E7FF54B0024707F /* SRPDataGenericImpl.swift in Sources */,
				A52B24CA1E7FFB9C0024707F /* SRPData+BigIntType.swift in Sources */,
				A58ACE8D1E5D826400FF2C0D /* SRPUtil.swift in Sources */,
				A5D4B1DA1E7C1D2100BC9A9A /* SRPConfigurationGenericImpl.swift in Sources */,
				A5D4B1DE1E7C2D0A00BC9A9A /* SRPConfiguration+Extensions.swift in Sources */,
			);
			runOnlyForDeploymentPostprocessing = 0;
		};
		A50090BA1E4C74BD00238562 /* Sources */ = {
			isa = PBXSourcesBuildPhase;
			buildActionMask = 2147483647;
			files = (
				A50090C41E4C74BD00238562 /* SwiftySRPTests.swift in Sources */,
			);
			runOnlyForDeploymentPostprocessing = 0;
		};
		A5D057551F5454A1004BC5D6 /* Sources */ = {
			isa = PBXSourcesBuildPhase;
			buildActionMask = 2147483647;
			files = (
				A5D057561F5454A1004BC5D6 /* SRPData.swift in Sources */,
				A5D057571F5454A1004BC5D6 /* SRP.swift in Sources */,
				A5D057581F5454A1004BC5D6 /* SRPError.swift in Sources */,
				A5D057591F5454A1004BC5D6 /* imath+additions.c in Sources */,
				A5D0575A1F5454A1004BC5D6 /* SRP+Extensions.swift in Sources */,
				A5D0575B1F5454A1004BC5D6 /* SRPMpzT.swift in Sources */,
				A5D0575C1F5454A1004BC5D6 /* SRPGenericImpl.swift in Sources */,
				A5D0575D1F5454A1004BC5D6 /* SRPProtocol.swift in Sources */,
				A5D0575E1F5454A1004BC5D6 /* SRPConfiguration.swift in Sources */,
				A5D0575F1F5454A1004BC5D6 /* imath.c in Sources */,
				A5D057601F5454A1004BC5D6 /* SRPBigIntProtocol.swift in Sources */,
				A5D057611F5454A1004BC5D6 /* SRPDataGenericImpl.swift in Sources */,
				A5D057621F5454A1004BC5D6 /* SRPData+BigIntType.swift in Sources */,
				A5D057631F5454A1004BC5D6 /* SRPUtil.swift in Sources */,
				A5D057641F5454A1004BC5D6 /* SRPConfigurationGenericImpl.swift in Sources */,
				A5D057651F5454A1004BC5D6 /* SRPConfiguration+Extensions.swift in Sources */,
			);
			runOnlyForDeploymentPostprocessing = 0;
		};
/* End PBXSourcesBuildPhase section */

/* Begin PBXTargetDependency section */
		A50090C11E4C74BD00238562 /* PBXTargetDependency */ = {
			isa = PBXTargetDependency;
			target = A50090B41E4C74BD00238562 /* SwiftySRP */;
			targetProxy = A50090C01E4C74BD00238562 /* PBXContainerItemProxy */;
		};
/* End PBXTargetDependency section */

/* Begin XCBuildConfiguration section */
		A50090C71E4C74BD00238562 /* Debug */ = {
			isa = XCBuildConfiguration;
			buildSettings = {
				ALWAYS_SEARCH_USER_PATHS = NO;
				CLANG_ANALYZER_NONNULL = YES;
				CLANG_CXX_LANGUAGE_STANDARD = "gnu++0x";
				CLANG_CXX_LIBRARY = "libc++";
				CLANG_ENABLE_MODULES = YES;
				CLANG_ENABLE_OBJC_ARC = YES;
				CLANG_WARN_BOOL_CONVERSION = YES;
				CLANG_WARN_CONSTANT_CONVERSION = YES;
				CLANG_WARN_DIRECT_OBJC_ISA_USAGE = YES_ERROR;
				CLANG_WARN_DOCUMENTATION_COMMENTS = YES;
				CLANG_WARN_EMPTY_BODY = YES;
				CLANG_WARN_ENUM_CONVERSION = YES;
				CLANG_WARN_INFINITE_RECURSION = YES;
				CLANG_WARN_INT_CONVERSION = YES;
				CLANG_WARN_OBJC_ROOT_CLASS = YES_ERROR;
				CLANG_WARN_SUSPICIOUS_MOVE = YES;
				CLANG_WARN_UNREACHABLE_CODE = YES;
				CLANG_WARN__DUPLICATE_METHOD_MATCH = YES;
				"CODE_SIGN_IDENTITY[sdk=iphoneos*]" = "iPhone Developer";
				COPY_PHASE_STRIP = NO;
				CURRENT_PROJECT_VERSION = 1;
				DEBUG_INFORMATION_FORMAT = dwarf;
				ENABLE_STRICT_OBJC_MSGSEND = YES;
				ENABLE_TESTABILITY = YES;
				GCC_C_LANGUAGE_STANDARD = gnu99;
				GCC_DYNAMIC_NO_PIC = NO;
				GCC_NO_COMMON_BLOCKS = YES;
				GCC_OPTIMIZATION_LEVEL = 0;
				GCC_PREPROCESSOR_DEFINITIONS = (
					"DEBUG=1",
					"$(inherited)",
				);
				GCC_WARN_64_TO_32_BIT_CONVERSION = YES;
				GCC_WARN_ABOUT_RETURN_TYPE = YES_ERROR;
				GCC_WARN_UNDECLARED_SELECTOR = YES;
				GCC_WARN_UNINITIALIZED_AUTOS = YES_AGGRESSIVE;
				GCC_WARN_UNUSED_FUNCTION = YES;
				GCC_WARN_UNUSED_VARIABLE = YES;
				IPHONEOS_DEPLOYMENT_TARGET = 9.0;
				MTL_ENABLE_DEBUG_INFO = YES;
				ONLY_ACTIVE_ARCH = YES;
				SDKROOT = iphoneos;
				SWIFT_ACTIVE_COMPILATION_CONDITIONS = DEBUG;
				SWIFT_OPTIMIZATION_LEVEL = "-Onone";
				SWIFT_VERSION = 4.0;
				TARGETED_DEVICE_FAMILY = "1,2";
				VERSIONING_SYSTEM = "apple-generic";
				VERSION_INFO_PREFIX = "";
			};
			name = Debug;
		};
		A50090C81E4C74BD00238562 /* Release */ = {
			isa = XCBuildConfiguration;
			buildSettings = {
				ALWAYS_SEARCH_USER_PATHS = NO;
				CLANG_ANALYZER_NONNULL = YES;
				CLANG_CXX_LANGUAGE_STANDARD = "gnu++0x";
				CLANG_CXX_LIBRARY = "libc++";
				CLANG_ENABLE_MODULES = YES;
				CLANG_ENABLE_OBJC_ARC = YES;
				CLANG_WARN_BOOL_CONVERSION = YES;
				CLANG_WARN_CONSTANT_CONVERSION = YES;
				CLANG_WARN_DIRECT_OBJC_ISA_USAGE = YES_ERROR;
				CLANG_WARN_DOCUMENTATION_COMMENTS = YES;
				CLANG_WARN_EMPTY_BODY = YES;
				CLANG_WARN_ENUM_CONVERSION = YES;
				CLANG_WARN_INFINITE_RECURSION = YES;
				CLANG_WARN_INT_CONVERSION = YES;
				CLANG_WARN_OBJC_ROOT_CLASS = YES_ERROR;
				CLANG_WARN_SUSPICIOUS_MOVE = YES;
				CLANG_WARN_UNREACHABLE_CODE = YES;
				CLANG_WARN__DUPLICATE_METHOD_MATCH = YES;
				"CODE_SIGN_IDENTITY[sdk=iphoneos*]" = "iPhone Developer";
				COPY_PHASE_STRIP = NO;
				CURRENT_PROJECT_VERSION = 1;
				DEBUG_INFORMATION_FORMAT = "dwarf-with-dsym";
				ENABLE_NS_ASSERTIONS = NO;
				ENABLE_STRICT_OBJC_MSGSEND = YES;
				GCC_C_LANGUAGE_STANDARD = gnu99;
				GCC_NO_COMMON_BLOCKS = YES;
				GCC_WARN_64_TO_32_BIT_CONVERSION = YES;
				GCC_WARN_ABOUT_RETURN_TYPE = YES_ERROR;
				GCC_WARN_UNDECLARED_SELECTOR = YES;
				GCC_WARN_UNINITIALIZED_AUTOS = YES_AGGRESSIVE;
				GCC_WARN_UNUSED_FUNCTION = YES;
				GCC_WARN_UNUSED_VARIABLE = YES;
				IPHONEOS_DEPLOYMENT_TARGET = 9.0;
				MTL_ENABLE_DEBUG_INFO = NO;
				SDKROOT = iphoneos;
				SWIFT_OPTIMIZATION_LEVEL = "-Owholemodule";
				SWIFT_VERSION = 4.0;
				TARGETED_DEVICE_FAMILY = "1,2";
				VALIDATE_PRODUCT = YES;
				VERSIONING_SYSTEM = "apple-generic";
				VERSION_INFO_PREFIX = "";
			};
			name = Release;
		};
		A50090CA1E4C74BD00238562 /* Debug */ = {
			isa = XCBuildConfiguration;
			baseConfigurationReference = 03CEC297138466C580FA298C /* Pods-SwiftySRP_Base-SwiftySRP.debug.xcconfig */;
			buildSettings = {
				CLANG_ENABLE_MODULES = YES;
				CODE_SIGN_IDENTITY = "";
				DEFINES_MODULE = YES;
				DEVELOPMENT_TEAM = U3842W8E3U;
				DYLIB_COMPATIBILITY_VERSION = 1;
				DYLIB_CURRENT_VERSION = 1;
				DYLIB_INSTALL_NAME_BASE = "@rpath";
				INFOPLIST_FILE = SwiftySRP/Info.plist;
				INSTALL_PATH = "$(LOCAL_LIBRARY_DIR)/Frameworks";
				LD_RUNPATH_SEARCH_PATHS = "$(inherited) @executable_path/Frameworks @loader_path/Frameworks";
				PRODUCT_BUNDLE_IDENTIFIER = com.flockoffiles.SwiftySRP;
				PRODUCT_NAME = "$(TARGET_NAME)";
				SKIP_INSTALL = YES;
				SWIFT_INCLUDE_PATHS = "$(SRCROOT)/CommonCrypto $(SRCROOT)/imath";
				SWIFT_OPTIMIZATION_LEVEL = "-Onone";
				SWIFT_VERSION = 4.0;
			};
			name = Debug;
		};
		A50090CB1E4C74BD00238562 /* Release */ = {
			isa = XCBuildConfiguration;
			baseConfigurationReference = 8489902F0C68A50F44D97659 /* Pods-SwiftySRP_Base-SwiftySRP.release.xcconfig */;
			buildSettings = {
				CLANG_ENABLE_MODULES = YES;
				CODE_SIGN_IDENTITY = "";
				DEFINES_MODULE = YES;
				DEVELOPMENT_TEAM = U3842W8E3U;
				DYLIB_COMPATIBILITY_VERSION = 1;
				DYLIB_CURRENT_VERSION = 1;
				DYLIB_INSTALL_NAME_BASE = "@rpath";
				INFOPLIST_FILE = SwiftySRP/Info.plist;
				INSTALL_PATH = "$(LOCAL_LIBRARY_DIR)/Frameworks";
				LD_RUNPATH_SEARCH_PATHS = "$(inherited) @executable_path/Frameworks @loader_path/Frameworks";
				PRODUCT_BUNDLE_IDENTIFIER = com.flockoffiles.SwiftySRP;
				PRODUCT_NAME = "$(TARGET_NAME)";
				SKIP_INSTALL = YES;
				SWIFT_INCLUDE_PATHS = "$(SRCROOT)/CommonCrypto $(SRCROOT)/imath";
				SWIFT_VERSION = 4.0;
			};
			name = Release;
		};
		A50090CD1E4C74BD00238562 /* Debug */ = {
			isa = XCBuildConfiguration;
			baseConfigurationReference = 10ED35AB66D3B09F03A8CAC1 /* Pods-SwiftySRP_Base-SwiftySRP-SwiftySRPTests.debug.xcconfig */;
			buildSettings = {
				ALWAYS_EMBED_SWIFT_STANDARD_LIBRARIES = "$(inherited)";
				CLANG_ENABLE_MODULES = YES;
				DEVELOPMENT_TEAM = U3842W8E3U;
				INFOPLIST_FILE = SwiftySRPTests/Info.plist;
				LD_RUNPATH_SEARCH_PATHS = "$(inherited) @executable_path/Frameworks @loader_path/Frameworks";
				PRODUCT_BUNDLE_IDENTIFIER = com.flockoffiles.SwiftySRPTests;
				PRODUCT_NAME = "$(TARGET_NAME)";
				SWIFT_OBJC_BRIDGING_HEADER = "SwiftySRPTests/SwiftySRPTests-Bridging-Header.h";
				SWIFT_OPTIMIZATION_LEVEL = "-Onone";
				SWIFT_VERSION = 4.0;
			};
			name = Debug;
		};
		A50090CE1E4C74BD00238562 /* Release */ = {
			isa = XCBuildConfiguration;
			baseConfigurationReference = 2FB021FC76E81CB3156016E2 /* Pods-SwiftySRP_Base-SwiftySRP-SwiftySRPTests.release.xcconfig */;
			buildSettings = {
				ALWAYS_EMBED_SWIFT_STANDARD_LIBRARIES = "$(inherited)";
				CLANG_ENABLE_MODULES = YES;
				DEVELOPMENT_TEAM = U3842W8E3U;
				INFOPLIST_FILE = SwiftySRPTests/Info.plist;
				LD_RUNPATH_SEARCH_PATHS = "$(inherited) @executable_path/Frameworks @loader_path/Frameworks";
				PRODUCT_BUNDLE_IDENTIFIER = com.flockoffiles.SwiftySRPTests;
				PRODUCT_NAME = "$(TARGET_NAME)";
				SWIFT_OBJC_BRIDGING_HEADER = "SwiftySRPTests/SwiftySRPTests-Bridging-Header.h";
				SWIFT_VERSION = 4.0;
			};
			name = Release;
		};
		A5D0576D1F5454A1004BC5D6 /* Debug */ = {
			isa = XCBuildConfiguration;
			buildSettings = {
				CLANG_ENABLE_MODULES = YES;
				CODE_SIGN_IDENTITY = "";
				DEFINES_MODULE = YES;
				DEVELOPMENT_TEAM = U3842W8E3U;
				DYLIB_COMPATIBILITY_VERSION = 1;
				DYLIB_CURRENT_VERSION = 1;
				DYLIB_INSTALL_NAME_BASE = "@rpath";
				FRAMEWORK_SEARCH_PATHS = (
					"$(inherited)",
					"$(PROJECT_DIR)/Carthage/Build/iOS",
				);
				INFOPLIST_FILE = SwiftySRP/Info.plist;
				INSTALL_PATH = "$(LOCAL_LIBRARY_DIR)/Frameworks";
				LD_RUNPATH_SEARCH_PATHS = "$(inherited) @executable_path/Frameworks @loader_path/Frameworks";
				PRODUCT_BUNDLE_IDENTIFIER = com.flockoffiles.SwiftySRP;
				PRODUCT_NAME = SwiftySRP;
				SKIP_INSTALL = YES;
				SWIFT_INCLUDE_PATHS = "$(SRCROOT)/CommonCrypto $(SRCROOT)/imath";
				SWIFT_OPTIMIZATION_LEVEL = "-Onone";
				SWIFT_VERSION = 4.0;
			};
			name = Debug;
		};
		A5D0576E1F5454A1004BC5D6 /* Release */ = {
			isa = XCBuildConfiguration;
			buildSettings = {
				CLANG_ENABLE_MODULES = YES;
				CODE_SIGN_IDENTITY = "";
				DEFINES_MODULE = YES;
				DEVELOPMENT_TEAM = U3842W8E3U;
				DYLIB_COMPATIBILITY_VERSION = 1;
				DYLIB_CURRENT_VERSION = 1;
				DYLIB_INSTALL_NAME_BASE = "@rpath";
				FRAMEWORK_SEARCH_PATHS = (
					"$(inherited)",
					"$(PROJECT_DIR)/Carthage/Build/iOS",
				);
				INFOPLIST_FILE = SwiftySRP/Info.plist;
				INSTALL_PATH = "$(LOCAL_LIBRARY_DIR)/Frameworks";
				LD_RUNPATH_SEARCH_PATHS = "$(inherited) @executable_path/Frameworks @loader_path/Frameworks";
				PRODUCT_BUNDLE_IDENTIFIER = com.flockoffiles.SwiftySRP;
				PRODUCT_NAME = SwiftySRP;
				SKIP_INSTALL = YES;
				SWIFT_INCLUDE_PATHS = "$(SRCROOT)/CommonCrypto $(SRCROOT)/imath";
				SWIFT_VERSION = 4.0;
			};
			name = Release;
		};
/* End XCBuildConfiguration section */

/* Begin XCConfigurationList section */
		A50090AF1E4C74BD00238562 /* Build configuration list for PBXProject "SwiftySRP" */ = {
			isa = XCConfigurationList;
			buildConfigurations = (
				A50090C71E4C74BD00238562 /* Debug */,
				A50090C81E4C74BD00238562 /* Release */,
			);
			defaultConfigurationIsVisible = 0;
			defaultConfigurationName = Release;
		};
		A50090C91E4C74BD00238562 /* Build configuration list for PBXNativeTarget "SwiftySRP" */ = {
			isa = XCConfigurationList;
			buildConfigurations = (
				A50090CA1E4C74BD00238562 /* Debug */,
				A50090CB1E4C74BD00238562 /* Release */,
			);
			defaultConfigurationIsVisible = 0;
			defaultConfigurationName = Release;
		};
		A50090CC1E4C74BD00238562 /* Build configuration list for PBXNativeTarget "SwiftySRPTests" */ = {
			isa = XCConfigurationList;
			buildConfigurations = (
				A50090CD1E4C74BD00238562 /* Debug */,
				A50090CE1E4C74BD00238562 /* Release */,
			);
			defaultConfigurationIsVisible = 0;
			defaultConfigurationName = Release;
		};
		A5D0576C1F5454A1004BC5D6 /* Build configuration list for PBXNativeTarget "SwiftySRP-iOS" */ = {
			isa = XCConfigurationList;
			buildConfigurations = (
				A5D0576D1F5454A1004BC5D6 /* Debug */,
				A5D0576E1F5454A1004BC5D6 /* Release */,
			);
			defaultConfigurationIsVisible = 0;
			defaultConfigurationName = Release;
		};
/* End XCConfigurationList section */
	};
	rootObject = A50090AC1E4C74BD00238562 /* Project object */;
}
