// !$*UTF8*$!
{
	archiveVersion = 1;
	classes = {
	};
	objectVersion = 46;
	objects = {

/* Begin PBXBuildFile section */
		25E250272C0CCFDA8228AEE3 /* Pods_SwiftySRP_Base_SwiftySRP_SwiftySRPTests.framework in Frameworks */ = {isa = PBXBuildFile; fileRef = 800E1112C68F934FFFD2DB3C /* Pods_SwiftySRP_Base_SwiftySRP_SwiftySRPTests.framework */; };
		57AA468A1FCC424E00DEDF67 /* SRP+iMath.swift in Sources */ = {isa = PBXBuildFile; fileRef = 57AA46891FCC424E00DEDF67 /* SRP+iMath.swift */; };
		57AA468B1FCC424E00DEDF67 /* SRP+iMath.swift in Sources */ = {isa = PBXBuildFile; fileRef = 57AA46891FCC424E00DEDF67 /* SRP+iMath.swift */; };
		57AA468D1FCC436200DEDF67 /* SRP+iMath+Extensions.swift in Sources */ = {isa = PBXBuildFile; fileRef = 57AA468C1FCC436200DEDF67 /* SRP+iMath+Extensions.swift */; };
		57AA468E1FCC436200DEDF67 /* SRP+iMath+Extensions.swift in Sources */ = {isa = PBXBuildFile; fileRef = 57AA468C1FCC436200DEDF67 /* SRP+iMath+Extensions.swift */; };
		57BD9EAF22B3D89D000BE530 /* SRPData.swift in Sources */ = {isa = PBXBuildFile; fileRef = A58ACE901E5D858B00FF2C0D /* SRPData.swift */; };
		57BD9EB022B3D89D000BE530 /* SRP.swift in Sources */ = {isa = PBXBuildFile; fileRef = A50091041E4C961100238562 /* SRP.swift */; };
		57BD9EB122B3D89D000BE530 /* SRPError.swift in Sources */ = {isa = PBXBuildFile; fileRef = A58ACE961E5D8A8500FF2C0D /* SRPError.swift */; };
		57BD9EB222B3D89D000BE530 /* imath+additions.c in Sources */ = {isa = PBXBuildFile; fileRef = A5BF31AE1E7ABFEE00EC5BCA /* imath+additions.c */; };
		57BD9EB322B3D89D000BE530 /* SRP+Extensions.swift in Sources */ = {isa = PBXBuildFile; fileRef = A5D4B1DB1E7C2C0F00BC9A9A /* SRP+Extensions.swift */; };
		57BD9EB422B3D89D000BE530 /* SRP+iMath+Extensions.swift in Sources */ = {isa = PBXBuildFile; fileRef = 57AA468C1FCC436200DEDF67 /* SRP+iMath+Extensions.swift */; };
		57BD9EB522B3D89D000BE530 /* SRPMpzT.swift in Sources */ = {isa = PBXBuildFile; fileRef = A54DFB671E7AD094003F4DB0 /* SRPMpzT.swift */; };
		57BD9EB622B3D89D000BE530 /* SRPGenericImpl.swift in Sources */ = {isa = PBXBuildFile; fileRef = A52B24CB1E800ED40024707F /* SRPGenericImpl.swift */; };
		57BD9EB722B3D89D000BE530 /* SRPProtocol.swift in Sources */ = {isa = PBXBuildFile; fileRef = A58ACE8E1E5D82B400FF2C0D /* SRPProtocol.swift */; };
		57BD9EB822B3D89D000BE530 /* SRPConfiguration.swift in Sources */ = {isa = PBXBuildFile; fileRef = A58ACE861E5D818000FF2C0D /* SRPConfiguration.swift */; };
		57BD9EB922B3D89D000BE530 /* imath.c in Sources */ = {isa = PBXBuildFile; fileRef = A5BF31A71E7A9AA400EC5BCA /* imath.c */; };
		57BD9EBA22B3D89D000BE530 /* SRPBigIntProtocol.swift in Sources */ = {isa = PBXBuildFile; fileRef = A5D4B1C81E7BE5C800BC9A9A /* SRPBigIntProtocol.swift */; };
		57BD9EBB22B3D89D000BE530 /* SRPDataGenericImpl.swift in Sources */ = {isa = PBXBuildFile; fileRef = A52B24C71E7FF54B0024707F /* SRPDataGenericImpl.swift */; };
		57BD9EBC22B3D89D000BE530 /* SRPData+BigIntType.swift in Sources */ = {isa = PBXBuildFile; fileRef = A52B24C91E7FFB9C0024707F /* SRPData+BigIntType.swift */; };
		57BD9EBD22B3D89D000BE530 /* SRPUtil.swift in Sources */ = {isa = PBXBuildFile; fileRef = A58ACE8C1E5D826400FF2C0D /* SRPUtil.swift */; };
		57BD9EBE22B3D89D000BE530 /* SRP+iMath.swift in Sources */ = {isa = PBXBuildFile; fileRef = 57AA46891FCC424E00DEDF67 /* SRP+iMath.swift */; };
		57BD9EBF22B3D89D000BE530 /* SRPConfigurationGenericImpl.swift in Sources */ = {isa = PBXBuildFile; fileRef = A5D4B1D91E7C1D2100BC9A9A /* SRPConfigurationGenericImpl.swift */; };
		57BD9EC022B3D89D000BE530 /* SRPConfiguration+Extensions.swift in Sources */ = {isa = PBXBuildFile; fileRef = A5D4B1DD1E7C2D0A00BC9A9A /* SRPConfiguration+Extensions.swift */; };
		57BD9EC422B3D89D000BE530 /* imath.h in Headers */ = {isa = PBXBuildFile; fileRef = A5BF31A81E7A9AA400EC5BCA /* imath.h */; settings = {ATTRIBUTES = (Private, ); }; };
		57BD9EC522B3D89D000BE530 /* imath+additions.h in Headers */ = {isa = PBXBuildFile; fileRef = A5BF31AF1E7ABFEE00EC5BCA /* imath+additions.h */; settings = {ATTRIBUTES = (Private, ); }; };
		57BD9EC622B3D89D000BE530 /* SwiftySRP.h in Headers */ = {isa = PBXBuildFile; fileRef = A50090B81E4C74BD00238562 /* SwiftySRP.h */; settings = {ATTRIBUTES = (Public, ); }; };
		57BD9EE022B3E0E3000BE530 /* FFDataWrapper.framework in Frameworks */ = {isa = PBXBuildFile; fileRef = 57BD9EDD22B3E076000BE530 /* FFDataWrapper.framework */; };
		57FF6980228985CA005F5180 /* Podfile in Resources */ = {isa = PBXBuildFile; fileRef = 57FF697F228985CA005F5180 /* Podfile */; };
		745DDECB2243A3CD00ADFBF4 /* imath.h in Headers */ = {isa = PBXBuildFile; fileRef = A5BF31A81E7A9AA400EC5BCA /* imath.h */; settings = {ATTRIBUTES = (Private, ); }; };
		745DDECC2243A3CE00ADFBF4 /* imath.h in Headers */ = {isa = PBXBuildFile; fileRef = A5BF31A81E7A9AA400EC5BCA /* imath.h */; settings = {ATTRIBUTES = (Private, ); }; };
		745DDECD2243A3DD00ADFBF4 /* imath+additions.h in Headers */ = {isa = PBXBuildFile; fileRef = A5BF31AF1E7ABFEE00EC5BCA /* imath+additions.h */; settings = {ATTRIBUTES = (Private, ); }; };
		745DDECE2243A3DE00ADFBF4 /* imath+additions.h in Headers */ = {isa = PBXBuildFile; fileRef = A5BF31AF1E7ABFEE00EC5BCA /* imath+additions.h */; settings = {ATTRIBUTES = (Private, ); }; };
		76D0ECE96935E731973AF413 /* Pods_SwiftySRP_Base_SwiftySRP.framework in Frameworks */ = {isa = PBXBuildFile; fileRef = 96E7B011098C16B8B9413B5A /* Pods_SwiftySRP_Base_SwiftySRP.framework */; };
		939F68611F83960D00C4553D /* FFDataWrapper.framework in Frameworks */ = {isa = PBXBuildFile; fileRef = 939F68601F83960D00C4553D /* FFDataWrapper.framework */; };
		A50090BF1E4C74BD00238562 /* SwiftySRP.framework in Frameworks */ = {isa = PBXBuildFile; fileRef = A50090B51E4C74BD00238562 /* SwiftySRP.framework */; };
		A50090C41E4C74BD00238562 /* SwiftySRPTests.swift in Sources */ = {isa = PBXBuildFile; fileRef = A50090C31E4C74BD00238562 /* SwiftySRPTests.swift */; };
		A50090C61E4C74BD00238562 /* SwiftySRP.h in Headers */ = {isa = PBXBuildFile; fileRef = A50090B81E4C74BD00238562 /* SwiftySRP.h */; settings = {ATTRIBUTES = (Public, ); }; };
		A50091051E4C961100238562 /* SRP.swift in Sources */ = {isa = PBXBuildFile; fileRef = A50091041E4C961100238562 /* SRP.swift */; };
		A52B24C81E7FF54B0024707F /* SRPDataGenericImpl.swift in Sources */ = {isa = PBXBuildFile; fileRef = A52B24C71E7FF54B0024707F /* SRPDataGenericImpl.swift */; };
		A52B24CA1E7FFB9C0024707F /* SRPData+BigIntType.swift in Sources */ = {isa = PBXBuildFile; fileRef = A52B24C91E7FFB9C0024707F /* SRPData+BigIntType.swift */; };
		A52B24CC1E800ED40024707F /* SRPGenericImpl.swift in Sources */ = {isa = PBXBuildFile; fileRef = A52B24CB1E800ED40024707F /* SRPGenericImpl.swift */; };
		A54DFB681E7AD094003F4DB0 /* SRPMpzT.swift in Sources */ = {isa = PBXBuildFile; fileRef = A54DFB671E7AD094003F4DB0 /* SRPMpzT.swift */; };
		A58ACE871E5D818000FF2C0D /* SRPConfiguration.swift in Sources */ = {isa = PBXBuildFile; fileRef = A58ACE861E5D818000FF2C0D /* SRPConfiguration.swift */; };
		A58ACE8D1E5D826400FF2C0D /* SRPUtil.swift in Sources */ = {isa = PBXBuildFile; fileRef = A58ACE8C1E5D826400FF2C0D /* SRPUtil.swift */; };
		A58ACE8F1E5D82B400FF2C0D /* SRPProtocol.swift in Sources */ = {isa = PBXBuildFile; fileRef = A58ACE8E1E5D82B400FF2C0D /* SRPProtocol.swift */; };
		A58ACE911E5D858B00FF2C0D /* SRPData.swift in Sources */ = {isa = PBXBuildFile; fileRef = A58ACE901E5D858B00FF2C0D /* SRPData.swift */; };
		A58ACE971E5D8A8500FF2C0D /* SRPError.swift in Sources */ = {isa = PBXBuildFile; fileRef = A58ACE961E5D8A8500FF2C0D /* SRPError.swift */; };
		A5BF31AA1E7A9AA400EC5BCA /* imath.c in Sources */ = {isa = PBXBuildFile; fileRef = A5BF31A71E7A9AA400EC5BCA /* imath.c */; };
		A5BF31B01E7ABFEE00EC5BCA /* imath+additions.c in Sources */ = {isa = PBXBuildFile; fileRef = A5BF31AE1E7ABFEE00EC5BCA /* imath+additions.c */; };
		A5D057561F5454A1004BC5D6 /* SRPData.swift in Sources */ = {isa = PBXBuildFile; fileRef = A58ACE901E5D858B00FF2C0D /* SRPData.swift */; };
		A5D057571F5454A1004BC5D6 /* SRP.swift in Sources */ = {isa = PBXBuildFile; fileRef = A50091041E4C961100238562 /* SRP.swift */; };
		A5D057581F5454A1004BC5D6 /* SRPError.swift in Sources */ = {isa = PBXBuildFile; fileRef = A58ACE961E5D8A8500FF2C0D /* SRPError.swift */; };
		A5D057591F5454A1004BC5D6 /* imath+additions.c in Sources */ = {isa = PBXBuildFile; fileRef = A5BF31AE1E7ABFEE00EC5BCA /* imath+additions.c */; };
		A5D0575A1F5454A1004BC5D6 /* SRP+Extensions.swift in Sources */ = {isa = PBXBuildFile; fileRef = A5D4B1DB1E7C2C0F00BC9A9A /* SRP+Extensions.swift */; };
		A5D0575B1F5454A1004BC5D6 /* SRPMpzT.swift in Sources */ = {isa = PBXBuildFile; fileRef = A54DFB671E7AD094003F4DB0 /* SRPMpzT.swift */; };
		A5D0575C1F5454A1004BC5D6 /* SRPGenericImpl.swift in Sources */ = {isa = PBXBuildFile; fileRef = A52B24CB1E800ED40024707F /* SRPGenericImpl.swift */; };
		A5D0575D1F5454A1004BC5D6 /* SRPProtocol.swift in Sources */ = {isa = PBXBuildFile; fileRef = A58ACE8E1E5D82B400FF2C0D /* SRPProtocol.swift */; };
		A5D0575E1F5454A1004BC5D6 /* SRPConfiguration.swift in Sources */ = {isa = PBXBuildFile; fileRef = A58ACE861E5D818000FF2C0D /* SRPConfiguration.swift */; };
		A5D0575F1F5454A1004BC5D6 /* imath.c in Sources */ = {isa = PBXBuildFile; fileRef = A5BF31A71E7A9AA400EC5BCA /* imath.c */; };
		A5D057601F5454A1004BC5D6 /* SRPBigIntProtocol.swift in Sources */ = {isa = PBXBuildFile; fileRef = A5D4B1C81E7BE5C800BC9A9A /* SRPBigIntProtocol.swift */; };
		A5D057611F5454A1004BC5D6 /* SRPDataGenericImpl.swift in Sources */ = {isa = PBXBuildFile; fileRef = A52B24C71E7FF54B0024707F /* SRPDataGenericImpl.swift */; };
		A5D057621F5454A1004BC5D6 /* SRPData+BigIntType.swift in Sources */ = {isa = PBXBuildFile; fileRef = A52B24C91E7FFB9C0024707F /* SRPData+BigIntType.swift */; };
		A5D057631F5454A1004BC5D6 /* SRPUtil.swift in Sources */ = {isa = PBXBuildFile; fileRef = A58ACE8C1E5D826400FF2C0D /* SRPUtil.swift */; };
		A5D057641F5454A1004BC5D6 /* SRPConfigurationGenericImpl.swift in Sources */ = {isa = PBXBuildFile; fileRef = A5D4B1D91E7C1D2100BC9A9A /* SRPConfigurationGenericImpl.swift */; };
		A5D057651F5454A1004BC5D6 /* SRPConfiguration+Extensions.swift in Sources */ = {isa = PBXBuildFile; fileRef = A5D4B1DD1E7C2D0A00BC9A9A /* SRPConfiguration+Extensions.swift */; };
		A5D057691F5454A1004BC5D6 /* SwiftySRP.h in Headers */ = {isa = PBXBuildFile; fileRef = A50090B81E4C74BD00238562 /* SwiftySRP.h */; settings = {ATTRIBUTES = (Public, ); }; };
		A5D4B1C91E7BE5C800BC9A9A /* SRPBigIntProtocol.swift in Sources */ = {isa = PBXBuildFile; fileRef = A5D4B1C81E7BE5C800BC9A9A /* SRPBigIntProtocol.swift */; };
		A5D4B1DA1E7C1D2100BC9A9A /* SRPConfigurationGenericImpl.swift in Sources */ = {isa = PBXBuildFile; fileRef = A5D4B1D91E7C1D2100BC9A9A /* SRPConfigurationGenericImpl.swift */; };
		A5D4B1DC1E7C2C0F00BC9A9A /* SRP+Extensions.swift in Sources */ = {isa = PBXBuildFile; fileRef = A5D4B1DB1E7C2C0F00BC9A9A /* SRP+Extensions.swift */; };
		A5D4B1DE1E7C2D0A00BC9A9A /* SRPConfiguration+Extensions.swift in Sources */ = {isa = PBXBuildFile; fileRef = A5D4B1DD1E7C2D0A00BC9A9A /* SRPConfiguration+Extensions.swift */; };
/* End PBXBuildFile section */

/* Begin PBXContainerItemProxy section */
		57BD9ED622B3E076000BE530 /* PBXContainerItemProxy */ = {
			isa = PBXContainerItemProxy;
			containerPortal = 57BD9ECF22B3E076000BE530 /* FFDataWrapper.xcodeproj */;
			proxyType = 2;
			remoteGlobalIDString = A5063F831F73B29500CA4109;
			remoteInfo = FFDataWrapper;
		};
		57BD9ED822B3E076000BE530 /* PBXContainerItemProxy */ = {
			isa = PBXContainerItemProxy;
			containerPortal = 57BD9ECF22B3E076000BE530 /* FFDataWrapper.xcodeproj */;
			proxyType = 2;
			remoteGlobalIDString = A5063F8C1F73B29500CA4109;
			remoteInfo = FFDataWrapperTests;
		};
		57BD9EDA22B3E076000BE530 /* PBXContainerItemProxy */ = {
			isa = PBXContainerItemProxy;
			containerPortal = 57BD9ECF22B3E076000BE530 /* FFDataWrapper.xcodeproj */;
			proxyType = 2;
			remoteGlobalIDString = 572AF0B120371C230094DA85;
			remoteInfo = FFDataWrapperMacOS;
		};
		57BD9EDC22B3E076000BE530 /* PBXContainerItemProxy */ = {
			isa = PBXContainerItemProxy;
			containerPortal = 57BD9ECF22B3E076000BE530 /* FFDataWrapper.xcodeproj */;
			proxyType = 2;
			remoteGlobalIDString = 57BD9E9422B3CF22000BE530;
			remoteInfo = FFDataWrapper.static;
		};
		57BD9EDE22B3E0CF000BE530 /* PBXContainerItemProxy */ = {
			isa = PBXContainerItemProxy;
			containerPortal = 57BD9ECF22B3E076000BE530 /* FFDataWrapper.xcodeproj */;
			proxyType = 1;
			remoteGlobalIDString = 57BD9E7E22B3CF22000BE530;
			remoteInfo = FFDataWrapper.static;
		};
		A50090C01E4C74BD00238562 /* PBXContainerItemProxy */ = {
			isa = PBXContainerItemProxy;
			containerPortal = A50090AC1E4C74BD00238562 /* Project object */;
			proxyType = 1;
			remoteGlobalIDString = A50090B41E4C74BD00238562;
			remoteInfo = SwiftySRP;
		};
/* End PBXContainerItemProxy section */

/* Begin PBXFileReference section */
		5742D3AA2289698D003EF87A /* SwiftySRP.podspec */ = {isa = PBXFileReference; lastKnownFileType = text; path = SwiftySRP.podspec; sourceTree = "<group>"; };
		5742D3AB228969A5003EF87A /* Cartfile */ = {isa = PBXFileReference; lastKnownFileType = text; path = Cartfile; sourceTree = "<group>"; };
		577FCE7B2257ABB20048BD0F /* CHANGELOG.md */ = {isa = PBXFileReference; lastKnownFileType = net.daringfireball.markdown; path = CHANGELOG.md; sourceTree = "<group>"; };
		57AA46891FCC424E00DEDF67 /* SRP+iMath.swift */ = {isa = PBXFileReference; lastKnownFileType = sourcecode.swift; path = "SRP+iMath.swift"; sourceTree = "<group>"; };
		57AA468C1FCC436200DEDF67 /* SRP+iMath+Extensions.swift */ = {isa = PBXFileReference; lastKnownFileType = sourcecode.swift; path = "SRP+iMath+Extensions.swift"; sourceTree = "<group>"; };
		57BD9ECB22B3D89D000BE530 /* SwiftySRP.framework */ = {isa = PBXFileReference; explicitFileType = wrapper.framework; includeInIndex = 0; path = SwiftySRP.framework; sourceTree = BUILT_PRODUCTS_DIR; };
		57BD9ECF22B3E076000BE530 /* FFDataWrapper.xcodeproj */ = {isa = PBXFileReference; lastKnownFileType = "wrapper.pb-project"; name = FFDataWrapper.xcodeproj; path = Carthage/Checkouts/FFDataWrapper/FFDataWrapper.xcodeproj; sourceTree = "<group>"; };
		57FF697F228985CA005F5180 /* Podfile */ = {isa = PBXFileReference; fileEncoding = 4; lastKnownFileType = text; path = Podfile; sourceTree = "<group>"; xcLanguageSpecificationIdentifier = xcode.lang.ruby; };
		745DDECF2243A46100ADFBF4 /* module.modulemap */ = {isa = PBXFileReference; lastKnownFileType = "sourcecode.module-map"; path = module.modulemap; sourceTree = "<group>"; };
		800E1112C68F934FFFD2DB3C /* Pods_SwiftySRP_Base_SwiftySRP_SwiftySRPTests.framework */ = {isa = PBXFileReference; explicitFileType = wrapper.framework; includeInIndex = 0; path = Pods_SwiftySRP_Base_SwiftySRP_SwiftySRPTests.framework; sourceTree = BUILT_PRODUCTS_DIR; };
		8AD64A74F54AF236E5BAF297 /* Pods-SwiftySRP_Base-SwiftySRP-SwiftySRPTests.debug.xcconfig */ = {isa = PBXFileReference; includeInIndex = 1; lastKnownFileType = text.xcconfig; name = "Pods-SwiftySRP_Base-SwiftySRP-SwiftySRPTests.debug.xcconfig"; path = "Target Support Files/Pods-SwiftySRP_Base-SwiftySRP-SwiftySRPTests/Pods-SwiftySRP_Base-SwiftySRP-SwiftySRPTests.debug.xcconfig"; sourceTree = "<group>"; };
		924A9282F3552F13AD0B12F4 /* Pods-SwiftySRP_Base-SwiftySRP-SwiftySRPTests.release.xcconfig */ = {isa = PBXFileReference; includeInIndex = 1; lastKnownFileType = text.xcconfig; name = "Pods-SwiftySRP_Base-SwiftySRP-SwiftySRPTests.release.xcconfig"; path = "Target Support Files/Pods-SwiftySRP_Base-SwiftySRP-SwiftySRPTests/Pods-SwiftySRP_Base-SwiftySRP-SwiftySRPTests.release.xcconfig"; sourceTree = "<group>"; };
		939F68601F83960D00C4553D /* FFDataWrapper.framework */ = {isa = PBXFileReference; lastKnownFileType = wrapper.framework; name = FFDataWrapper.framework; path = Carthage/Build/iOS/FFDataWrapper.framework; sourceTree = "<group>"; };
		96E7B011098C16B8B9413B5A /* Pods_SwiftySRP_Base_SwiftySRP.framework */ = {isa = PBXFileReference; explicitFileType = wrapper.framework; includeInIndex = 0; path = Pods_SwiftySRP_Base_SwiftySRP.framework; sourceTree = BUILT_PRODUCTS_DIR; };
		A50090B51E4C74BD00238562 /* SwiftySRP.framework */ = {isa = PBXFileReference; explicitFileType = wrapper.framework; includeInIndex = 0; path = SwiftySRP.framework; sourceTree = BUILT_PRODUCTS_DIR; };
		A50090B81E4C74BD00238562 /* SwiftySRP.h */ = {isa = PBXFileReference; lastKnownFileType = sourcecode.c.h; path = SwiftySRP.h; sourceTree = "<group>"; };
		A50090B91E4C74BD00238562 /* Info.plist */ = {isa = PBXFileReference; lastKnownFileType = text.plist.xml; path = Info.plist; sourceTree = "<group>"; };
		A50090BE1E4C74BD00238562 /* SwiftySRPTests.xctest */ = {isa = PBXFileReference; explicitFileType = wrapper.cfbundle; includeInIndex = 0; path = SwiftySRPTests.xctest; sourceTree = BUILT_PRODUCTS_DIR; };
		A50090C31E4C74BD00238562 /* SwiftySRPTests.swift */ = {isa = PBXFileReference; lastKnownFileType = sourcecode.swift; path = SwiftySRPTests.swift; sourceTree = "<group>"; };
		A50090C51E4C74BD00238562 /* Info.plist */ = {isa = PBXFileReference; lastKnownFileType = text.plist.xml; path = Info.plist; sourceTree = "<group>"; };
		A50091041E4C961100238562 /* SRP.swift */ = {isa = PBXFileReference; fileEncoding = 4; lastKnownFileType = sourcecode.swift; path = SRP.swift; sourceTree = "<group>"; };
		A52B24C71E7FF54B0024707F /* SRPDataGenericImpl.swift */ = {isa = PBXFileReference; fileEncoding = 4; lastKnownFileType = sourcecode.swift; path = SRPDataGenericImpl.swift; sourceTree = "<group>"; };
		A52B24C91E7FFB9C0024707F /* SRPData+BigIntType.swift */ = {isa = PBXFileReference; fileEncoding = 4; lastKnownFileType = sourcecode.swift; path = "SRPData+BigIntType.swift"; sourceTree = "<group>"; };
		A52B24CB1E800ED40024707F /* SRPGenericImpl.swift */ = {isa = PBXFileReference; fileEncoding = 4; lastKnownFileType = sourcecode.swift; path = SRPGenericImpl.swift; sourceTree = "<group>"; };
		A53E4F1F1E5B522000C7DDEA /* SwiftySRPTests-Bridging-Header.h */ = {isa = PBXFileReference; lastKnownFileType = sourcecode.c.h; path = "SwiftySRPTests-Bridging-Header.h"; sourceTree = "<group>"; };
		A54DFB671E7AD094003F4DB0 /* SRPMpzT.swift */ = {isa = PBXFileReference; fileEncoding = 4; lastKnownFileType = sourcecode.swift; path = SRPMpzT.swift; sourceTree = "<group>"; };
		A58ACE861E5D818000FF2C0D /* SRPConfiguration.swift */ = {isa = PBXFileReference; fileEncoding = 4; lastKnownFileType = sourcecode.swift; path = SRPConfiguration.swift; sourceTree = "<group>"; };
		A58ACE8C1E5D826400FF2C0D /* SRPUtil.swift */ = {isa = PBXFileReference; fileEncoding = 4; lastKnownFileType = sourcecode.swift; path = SRPUtil.swift; sourceTree = "<group>"; };
		A58ACE8E1E5D82B400FF2C0D /* SRPProtocol.swift */ = {isa = PBXFileReference; fileEncoding = 4; lastKnownFileType = sourcecode.swift; path = SRPProtocol.swift; sourceTree = "<group>"; };
		A58ACE901E5D858B00FF2C0D /* SRPData.swift */ = {isa = PBXFileReference; fileEncoding = 4; lastKnownFileType = sourcecode.swift; path = SRPData.swift; sourceTree = "<group>"; };
		A58ACE961E5D8A8500FF2C0D /* SRPError.swift */ = {isa = PBXFileReference; fileEncoding = 4; lastKnownFileType = sourcecode.swift; path = SRPError.swift; sourceTree = "<group>"; };
		A5A56B671E5C34560024CA0A /* README.md */ = {isa = PBXFileReference; fileEncoding = 4; lastKnownFileType = net.daringfireball.markdown; path = README.md; sourceTree = "<group>"; };
		A5BF31A71E7A9AA400EC5BCA /* imath.c */ = {isa = PBXFileReference; fileEncoding = 4; lastKnownFileType = sourcecode.c.c; path = imath.c; sourceTree = "<group>"; };
		A5BF31A81E7A9AA400EC5BCA /* imath.h */ = {isa = PBXFileReference; fileEncoding = 4; lastKnownFileType = sourcecode.c.h; path = imath.h; sourceTree = "<group>"; };
		A5BF31AE1E7ABFEE00EC5BCA /* imath+additions.c */ = {isa = PBXFileReference; fileEncoding = 4; lastKnownFileType = sourcecode.c.c; path = "imath+additions.c"; sourceTree = "<group>"; };
		A5BF31AF1E7ABFEE00EC5BCA /* imath+additions.h */ = {isa = PBXFileReference; fileEncoding = 4; lastKnownFileType = sourcecode.c.h; path = "imath+additions.h"; sourceTree = "<group>"; };
		A5D0576F1F5454A1004BC5D6 /* SwiftySRP.framework */ = {isa = PBXFileReference; explicitFileType = wrapper.framework; includeInIndex = 0; path = SwiftySRP.framework; sourceTree = BUILT_PRODUCTS_DIR; };
		A5D4B1C81E7BE5C800BC9A9A /* SRPBigIntProtocol.swift */ = {isa = PBXFileReference; fileEncoding = 4; lastKnownFileType = sourcecode.swift; path = SRPBigIntProtocol.swift; sourceTree = "<group>"; };
		A5D4B1D91E7C1D2100BC9A9A /* SRPConfigurationGenericImpl.swift */ = {isa = PBXFileReference; fileEncoding = 4; lastKnownFileType = sourcecode.swift; path = SRPConfigurationGenericImpl.swift; sourceTree = "<group>"; };
		A5D4B1DB1E7C2C0F00BC9A9A /* SRP+Extensions.swift */ = {isa = PBXFileReference; fileEncoding = 4; lastKnownFileType = sourcecode.swift; path = "SRP+Extensions.swift"; sourceTree = "<group>"; };
		A5D4B1DD1E7C2D0A00BC9A9A /* SRPConfiguration+Extensions.swift */ = {isa = PBXFileReference; fileEncoding = 4; lastKnownFileType = sourcecode.swift; path = "SRPConfiguration+Extensions.swift"; sourceTree = "<group>"; };
		BFE2C437828277B7A84D87AE /* Pods-SwiftySRP_Base-SwiftySRP.debug.xcconfig */ = {isa = PBXFileReference; includeInIndex = 1; lastKnownFileType = text.xcconfig; name = "Pods-SwiftySRP_Base-SwiftySRP.debug.xcconfig"; path = "Target Support Files/Pods-SwiftySRP_Base-SwiftySRP/Pods-SwiftySRP_Base-SwiftySRP.debug.xcconfig"; sourceTree = "<group>"; };
		FD02F82AB3A137C540FE76A5 /* Pods-SwiftySRP_Base-SwiftySRP.release.xcconfig */ = {isa = PBXFileReference; includeInIndex = 1; lastKnownFileType = text.xcconfig; name = "Pods-SwiftySRP_Base-SwiftySRP.release.xcconfig"; path = "Target Support Files/Pods-SwiftySRP_Base-SwiftySRP/Pods-SwiftySRP_Base-SwiftySRP.release.xcconfig"; sourceTree = "<group>"; };
/* End PBXFileReference section */

/* Begin PBXFrameworksBuildPhase section */
		57BD9EC122B3D89D000BE530 /* Frameworks */ = {
			isa = PBXFrameworksBuildPhase;
			buildActionMask = 2147483647;
			files = (
				57BD9EE022B3E0E3000BE530 /* FFDataWrapper.framework in Frameworks */,
			);
			runOnlyForDeploymentPostprocessing = 0;
		};
		A50090B11E4C74BD00238562 /* Frameworks */ = {
			isa = PBXFrameworksBuildPhase;
			buildActionMask = 2147483647;
			files = (
				76D0ECE96935E731973AF413 /* Pods_SwiftySRP_Base_SwiftySRP.framework in Frameworks */,
			);
			runOnlyForDeploymentPostprocessing = 0;
		};
		A50090BB1E4C74BD00238562 /* Frameworks */ = {
			isa = PBXFrameworksBuildPhase;
			buildActionMask = 2147483647;
			files = (
				A50090BF1E4C74BD00238562 /* SwiftySRP.framework in Frameworks */,
				25E250272C0CCFDA8228AEE3 /* Pods_SwiftySRP_Base_SwiftySRP_SwiftySRPTests.framework in Frameworks */,
			);
			runOnlyForDeploymentPostprocessing = 0;
		};
		A5D057661F5454A1004BC5D6 /* Frameworks */ = {
			isa = PBXFrameworksBuildPhase;
			buildActionMask = 2147483647;
			files = (
				939F68611F83960D00C4553D /* FFDataWrapper.framework in Frameworks */,
			);
			runOnlyForDeploymentPostprocessing = 0;
		};
/* End PBXFrameworksBuildPhase section */

/* Begin PBXGroup section */
		57BD9ECE22B3E022000BE530 /* FFDataWrapper */ = {
			isa = PBXGroup;
			children = (
				57BD9ECF22B3E076000BE530 /* FFDataWrapper.xcodeproj */,
			);
			name = FFDataWrapper;
			sourceTree = "<group>";
		};
		57BD9ED022B3E076000BE530 /* Products */ = {
			isa = PBXGroup;
			children = (
				57BD9ED722B3E076000BE530 /* FFDataWrapper.framework */,
				57BD9ED922B3E076000BE530 /* FFDataWrapperTests.xctest */,
				57BD9EDB22B3E076000BE530 /* FFDataWrapperMacOS.framework */,
				57BD9EDD22B3E076000BE530 /* FFDataWrapper.framework */,
			);
			name = Products;
			sourceTree = "<group>";
		};
		7DFD5AD894CA7CC238161CAA /* Frameworks */ = {
			isa = PBXGroup;
			children = (
				939F68601F83960D00C4553D /* FFDataWrapper.framework */,
				96E7B011098C16B8B9413B5A /* Pods_SwiftySRP_Base_SwiftySRP.framework */,
				800E1112C68F934FFFD2DB3C /* Pods_SwiftySRP_Base_SwiftySRP_SwiftySRPTests.framework */,
			);
			name = Frameworks;
			sourceTree = "<group>";
		};
		A50090AB1E4C74BD00238562 = {
			isa = PBXGroup;
			children = (
				57BD9ECE22B3E022000BE530 /* FFDataWrapper */,
				57FF697F228985CA005F5180 /* Podfile */,
				5742D3AB228969A5003EF87A /* Cartfile */,
				5742D3AA2289698D003EF87A /* SwiftySRP.podspec */,
				A5BF31A61E7A9A8500EC5BCA /* imath */,
				A5A56B671E5C34560024CA0A /* README.md */,
				577FCE7B2257ABB20048BD0F /* CHANGELOG.md */,
				A50090B71E4C74BD00238562 /* SwiftySRP */,
				A50090C21E4C74BD00238562 /* SwiftySRPTests */,
				A50090B61E4C74BD00238562 /* Products */,
				7DFD5AD894CA7CC238161CAA /* Frameworks */,
				BB63418E023FF59843C56E32 /* Pods */,
			);
			sourceTree = "<group>";
		};
		A50090B61E4C74BD00238562 /* Products */ = {
			isa = PBXGroup;
			children = (
				A50090B51E4C74BD00238562 /* SwiftySRP.framework */,
				A50090BE1E4C74BD00238562 /* SwiftySRPTests.xctest */,
				A5D0576F1F5454A1004BC5D6 /* SwiftySRP.framework */,
				57BD9ECB22B3D89D000BE530 /* SwiftySRP.framework */,
			);
			name = Products;
			sourceTree = "<group>";
		};
		A50090B71E4C74BD00238562 /* SwiftySRP */ = {
			isa = PBXGroup;
			children = (
				745DDECF2243A46100ADFBF4 /* module.modulemap */,
				A50090B81E4C74BD00238562 /* SwiftySRP.h */,
				A50090B91E4C74BD00238562 /* Info.plist */,
				A5D4B1CD1E7BE9E500BC9A9A /* Configuration */,
				A5D4B1CF1E7BEA5700BC9A9A /* Common */,
				A5D4B1CE1E7BEA3400BC9A9A /* Main */,
				A5D4B1D11E7BEB0300BC9A9A /* Implementation */,
			);
			path = SwiftySRP;
			sourceTree = "<group>";
		};
		A50090C21E4C74BD00238562 /* SwiftySRPTests */ = {
			isa = PBXGroup;
			children = (
				A50090C31E4C74BD00238562 /* SwiftySRPTests.swift */,
				A50090C51E4C74BD00238562 /* Info.plist */,
				A53E4F1F1E5B522000C7DDEA /* SwiftySRPTests-Bridging-Header.h */,
			);
			path = SwiftySRPTests;
			sourceTree = "<group>";
		};
		A5BF31A61E7A9A8500EC5BCA /* imath */ = {
			isa = PBXGroup;
			children = (
				A5BF31A71E7A9AA400EC5BCA /* imath.c */,
				A5BF31A81E7A9AA400EC5BCA /* imath.h */,
				A5BF31AE1E7ABFEE00EC5BCA /* imath+additions.c */,
				A5BF31AF1E7ABFEE00EC5BCA /* imath+additions.h */,
			);
			path = imath;
			sourceTree = "<group>";
		};
		A5D4B1CD1E7BE9E500BC9A9A /* Configuration */ = {
			isa = PBXGroup;
			children = (
				A58ACE861E5D818000FF2C0D /* SRPConfiguration.swift */,
			);
			name = Configuration;
			sourceTree = "<group>";
		};
		A5D4B1CE1E7BEA3400BC9A9A /* Main */ = {
			isa = PBXGroup;
			children = (
				A50091041E4C961100238562 /* SRP.swift */,
				A58ACE8E1E5D82B400FF2C0D /* SRPProtocol.swift */,
				57AA46891FCC424E00DEDF67 /* SRP+iMath.swift */,
			);
			name = Main;
			sourceTree = "<group>";
		};
		A5D4B1CF1E7BEA5700BC9A9A /* Common */ = {
			isa = PBXGroup;
			children = (
				A58ACE901E5D858B00FF2C0D /* SRPData.swift */,
				A58ACE961E5D8A8500FF2C0D /* SRPError.swift */,
				A58ACE8C1E5D826400FF2C0D /* SRPUtil.swift */,
				A5D4B1C81E7BE5C800BC9A9A /* SRPBigIntProtocol.swift */,
			);
			name = Common;
			sourceTree = "<group>";
		};
		A5D4B1D11E7BEB0300BC9A9A /* Implementation */ = {
			isa = PBXGroup;
			children = (
				A5D4B1D91E7C1D2100BC9A9A /* SRPConfigurationGenericImpl.swift */,
				A5D4B1DB1E7C2C0F00BC9A9A /* SRP+Extensions.swift */,
				57AA468C1FCC436200DEDF67 /* SRP+iMath+Extensions.swift */,
				A5D4B1DD1E7C2D0A00BC9A9A /* SRPConfiguration+Extensions.swift */,
				A52B24C71E7FF54B0024707F /* SRPDataGenericImpl.swift */,
				A52B24C91E7FFB9C0024707F /* SRPData+BigIntType.swift */,
				A52B24CB1E800ED40024707F /* SRPGenericImpl.swift */,
				A54DFB671E7AD094003F4DB0 /* SRPMpzT.swift */,
			);
			name = Implementation;
			sourceTree = "<group>";
		};
		BB63418E023FF59843C56E32 /* Pods */ = {
			isa = PBXGroup;
			children = (
				BFE2C437828277B7A84D87AE /* Pods-SwiftySRP_Base-SwiftySRP.debug.xcconfig */,
				FD02F82AB3A137C540FE76A5 /* Pods-SwiftySRP_Base-SwiftySRP.release.xcconfig */,
				8AD64A74F54AF236E5BAF297 /* Pods-SwiftySRP_Base-SwiftySRP-SwiftySRPTests.debug.xcconfig */,
				924A9282F3552F13AD0B12F4 /* Pods-SwiftySRP_Base-SwiftySRP-SwiftySRPTests.release.xcconfig */,
			);
			path = Pods;
			sourceTree = "<group>";
		};
/* End PBXGroup section */

/* Begin PBXHeadersBuildPhase section */
		57BD9EC322B3D89D000BE530 /* Headers */ = {
			isa = PBXHeadersBuildPhase;
			buildActionMask = 2147483647;
			files = (
				57BD9EC422B3D89D000BE530 /* imath.h in Headers */,
				57BD9EC522B3D89D000BE530 /* imath+additions.h in Headers */,
				57BD9EC622B3D89D000BE530 /* SwiftySRP.h in Headers */,
			);
			runOnlyForDeploymentPostprocessing = 0;
		};
		A50090B21E4C74BD00238562 /* Headers */ = {
			isa = PBXHeadersBuildPhase;
			buildActionMask = 2147483647;
			files = (
				745DDECB2243A3CD00ADFBF4 /* imath.h in Headers */,
				745DDECD2243A3DD00ADFBF4 /* imath+additions.h in Headers */,
				A50090C61E4C74BD00238562 /* SwiftySRP.h in Headers */,
			);
			runOnlyForDeploymentPostprocessing = 0;
		};
		A5D057681F5454A1004BC5D6 /* Headers */ = {
			isa = PBXHeadersBuildPhase;
			buildActionMask = 2147483647;
			files = (
				745DDECC2243A3CE00ADFBF4 /* imath.h in Headers */,
				745DDECE2243A3DE00ADFBF4 /* imath+additions.h in Headers */,
				A5D057691F5454A1004BC5D6 /* SwiftySRP.h in Headers */,
			);
			runOnlyForDeploymentPostprocessing = 0;
		};
/* End PBXHeadersBuildPhase section */

/* Begin PBXNativeTarget section */
		57BD9EAD22B3D89D000BE530 /* SwiftySRP-iOS.static */ = {
			isa = PBXNativeTarget;
			buildConfigurationList = 57BD9EC822B3D89D000BE530 /* Build configuration list for PBXNativeTarget "SwiftySRP-iOS.static" */;
			buildPhases = (
				57BD9EAE22B3D89D000BE530 /* Sources */,
				57BD9EC122B3D89D000BE530 /* Frameworks */,
				57BD9EC322B3D89D000BE530 /* Headers */,
				57BD9EC722B3D89D000BE530 /* Resources */,
			);
			buildRules = (
			);
			dependencies = (
				57BD9EDF22B3E0CF000BE530 /* PBXTargetDependency */,
			);
			name = "SwiftySRP-iOS.static";
			productName = SwiftySRP;
			productReference = 57BD9ECB22B3D89D000BE530 /* SwiftySRP.framework */;
			productType = "com.apple.product-type.framework";
		};
		A50090B41E4C74BD00238562 /* SwiftySRP */ = {
			isa = PBXNativeTarget;
			buildConfigurationList = A50090C91E4C74BD00238562 /* Build configuration list for PBXNativeTarget "SwiftySRP" */;
			buildPhases = (
				3BD8D136488490AC5B5F1211 /* [CP] Check Pods Manifest.lock */,
				A50090B01E4C74BD00238562 /* Sources */,
				A50090B11E4C74BD00238562 /* Frameworks */,
				A50090B21E4C74BD00238562 /* Headers */,
				A50090B31E4C74BD00238562 /* Resources */,
			);
			buildRules = (
			);
			dependencies = (
			);
			name = SwiftySRP;
			productName = SwiftySRP;
			productReference = A50090B51E4C74BD00238562 /* SwiftySRP.framework */;
			productType = "com.apple.product-type.framework";
		};
		A50090BD1E4C74BD00238562 /* SwiftySRPTests */ = {
			isa = PBXNativeTarget;
			buildConfigurationList = A50090CC1E4C74BD00238562 /* Build configuration list for PBXNativeTarget "SwiftySRPTests" */;
			buildPhases = (
				20B910B148EE1C1918B9D5DD /* [CP] Check Pods Manifest.lock */,
				A50090BA1E4C74BD00238562 /* Sources */,
				A50090BB1E4C74BD00238562 /* Frameworks */,
				A50090BC1E4C74BD00238562 /* Resources */,
				AE99CA9977A8547D5D6C7168 /* [CP] Embed Pods Frameworks */,
			);
			buildRules = (
			);
			dependencies = (
				A50090C11E4C74BD00238562 /* PBXTargetDependency */,
			);
			name = SwiftySRPTests;
			productName = SwiftySRPTests;
			productReference = A50090BE1E4C74BD00238562 /* SwiftySRPTests.xctest */;
			productType = "com.apple.product-type.bundle.unit-test";
		};
		A5D057531F5454A1004BC5D6 /* SwiftySRP-iOS */ = {
			isa = PBXNativeTarget;
			buildConfigurationList = A5D0576C1F5454A1004BC5D6 /* Build configuration list for PBXNativeTarget "SwiftySRP-iOS" */;
			buildPhases = (
				A5D057551F5454A1004BC5D6 /* Sources */,
				A5D057661F5454A1004BC5D6 /* Frameworks */,
				A5D057681F5454A1004BC5D6 /* Headers */,
				A5D0576A1F5454A1004BC5D6 /* Resources */,
			);
			buildRules = (
			);
			dependencies = (
			);
			name = "SwiftySRP-iOS";
			productName = SwiftySRP;
			productReference = A5D0576F1F5454A1004BC5D6 /* SwiftySRP.framework */;
			productType = "com.apple.product-type.framework";
		};
/* End PBXNativeTarget section */

/* Begin PBXProject section */
		A50090AC1E4C74BD00238562 /* Project object */ = {
			isa = PBXProject;
			attributes = {
				LastSwiftUpdateCheck = 0820;
				LastUpgradeCheck = 1020;
				ORGANIZATIONNAME = "Flock of Files";
				TargetAttributes = {
					57BD9EAD22B3D89D000BE530 = {
						DevelopmentTeam = U3842W8E3U;
					};
					A50090B41E4C74BD00238562 = {
						CreatedOnToolsVersion = 8.2.1;
						LastSwiftMigration = 0820;
						ProvisioningStyle = Manual;
					};
					A50090BD1E4C74BD00238562 = {
						CreatedOnToolsVersion = 8.2.1;
						LastSwiftMigration = 0820;
						ProvisioningStyle = Manual;
					};
					A5D057531F5454A1004BC5D6 = {
						DevelopmentTeam = U3842W8E3U;
					};
				};
			};
			buildConfigurationList = A50090AF1E4C74BD00238562 /* Build configuration list for PBXProject "SwiftySRP" */;
			compatibilityVersion = "Xcode 3.2";
			developmentRegion = en;
			hasScannedForEncodings = 0;
			knownRegions = (
				en,
				Base,
			);
			mainGroup = A50090AB1E4C74BD00238562;
			productRefGroup = A50090B61E4C74BD00238562 /* Products */;
			projectDirPath = "";
			projectReferences = (
				{
					ProductGroup = 57BD9ED022B3E076000BE530 /* Products */;
					ProjectRef = 57BD9ECF22B3E076000BE530 /* FFDataWrapper.xcodeproj */;
				},
			);
			projectRoot = "";
			targets = (
				A50090B41E4C74BD00238562 /* SwiftySRP */,
				A50090BD1E4C74BD00238562 /* SwiftySRPTests */,
				A5D057531F5454A1004BC5D6 /* SwiftySRP-iOS */,
				57BD9EAD22B3D89D000BE530 /* SwiftySRP-iOS.static */,
			);
		};
/* End PBXProject section */

/* Begin PBXReferenceProxy section */
		57BD9ED722B3E076000BE530 /* FFDataWrapper.framework */ = {
			isa = PBXReferenceProxy;
			fileType = wrapper.framework;
			path = FFDataWrapper.framework;
			remoteRef = 57BD9ED622B3E076000BE530 /* PBXContainerItemProxy */;
			sourceTree = BUILT_PRODUCTS_DIR;
		};
		57BD9ED922B3E076000BE530 /* FFDataWrapperTests.xctest */ = {
			isa = PBXReferenceProxy;
			fileType = wrapper.cfbundle;
			path = FFDataWrapperTests.xctest;
			remoteRef = 57BD9ED822B3E076000BE530 /* PBXContainerItemProxy */;
			sourceTree = BUILT_PRODUCTS_DIR;
		};
		57BD9EDB22B3E076000BE530 /* FFDataWrapperMacOS.framework */ = {
			isa = PBXReferenceProxy;
			fileType = wrapper.framework;
			path = FFDataWrapperMacOS.framework;
			remoteRef = 57BD9EDA22B3E076000BE530 /* PBXContainerItemProxy */;
			sourceTree = BUILT_PRODUCTS_DIR;
		};
		57BD9EDD22B3E076000BE530 /* FFDataWrapper.framework */ = {
			isa = PBXReferenceProxy;
			fileType = wrapper.framework;
			path = FFDataWrapper.framework;
			remoteRef = 57BD9EDC22B3E076000BE530 /* PBXContainerItemProxy */;
			sourceTree = BUILT_PRODUCTS_DIR;
		};
/* End PBXReferenceProxy section */

/* Begin PBXResourcesBuildPhase section */
		57BD9EC722B3D89D000BE530 /* Resources */ = {
			isa = PBXResourcesBuildPhase;
			buildActionMask = 2147483647;
			files = (
			);
			runOnlyForDeploymentPostprocessing = 0;
		};
		A50090B31E4C74BD00238562 /* Resources */ = {
			isa = PBXResourcesBuildPhase;
			buildActionMask = 2147483647;
			files = (
				57FF6980228985CA005F5180 /* Podfile in Resources */,
			);
			runOnlyForDeploymentPostprocessing = 0;
		};
		A50090BC1E4C74BD00238562 /* Resources */ = {
			isa = PBXResourcesBuildPhase;
			buildActionMask = 2147483647;
			files = (
			);
			runOnlyForDeploymentPostprocessing = 0;
		};
		A5D0576A1F5454A1004BC5D6 /* Resources */ = {
			isa = PBXResourcesBuildPhase;
			buildActionMask = 2147483647;
			files = (
			);
			runOnlyForDeploymentPostprocessing = 0;
		};
/* End PBXResourcesBuildPhase section */

/* Begin PBXShellScriptBuildPhase section */
		20B910B148EE1C1918B9D5DD /* [CP] Check Pods Manifest.lock */ = {
			isa = PBXShellScriptBuildPhase;
			buildActionMask = 2147483647;
			files = (
			);
			inputFileListPaths = (
			);
			inputPaths = (
				"${PODS_PODFILE_DIR_PATH}/Podfile.lock",
				"${PODS_ROOT}/Manifest.lock",
			);
			name = "[CP] Check Pods Manifest.lock";
			outputFileListPaths = (
			);
			outputPaths = (
				"$(DERIVED_FILE_DIR)/Pods-SwiftySRP_Base-SwiftySRP-SwiftySRPTests-checkManifestLockResult.txt",
			);
			runOnlyForDeploymentPostprocessing = 0;
			shellPath = /bin/sh;
			shellScript = "diff \"${PODS_PODFILE_DIR_PATH}/Podfile.lock\" \"${PODS_ROOT}/Manifest.lock\" > /dev/null\nif [ $? != 0 ] ; then\n    # print error to STDERR\n    echo \"error: The sandbox is not in sync with the Podfile.lock. Run 'pod install' or update your CocoaPods installation.\" >&2\n    exit 1\nfi\n# This output is used by Xcode 'outputs' to avoid re-running this script phase.\necho \"SUCCESS\" > \"${SCRIPT_OUTPUT_FILE_0}\"\n";
			showEnvVarsInLog = 0;
		};
		3BD8D136488490AC5B5F1211 /* [CP] Check Pods Manifest.lock */ = {
			isa = PBXShellScriptBuildPhase;
			buildActionMask = 2147483647;
			files = (
			);
			inputFileListPaths = (
			);
			inputPaths = (
				"${PODS_PODFILE_DIR_PATH}/Podfile.lock",
				"${PODS_ROOT}/Manifest.lock",
			);
			name = "[CP] Check Pods Manifest.lock";
			outputFileListPaths = (
			);
			outputPaths = (
				"$(DERIVED_FILE_DIR)/Pods-SwiftySRP_Base-SwiftySRP-checkManifestLockResult.txt",
			);
			runOnlyForDeploymentPostprocessing = 0;
			shellPath = /bin/sh;
			shellScript = "diff \"${PODS_PODFILE_DIR_PATH}/Podfile.lock\" \"${PODS_ROOT}/Manifest.lock\" > /dev/null\nif [ $? != 0 ] ; then\n    # print error to STDERR\n    echo \"error: The sandbox is not in sync with the Podfile.lock. Run 'pod install' or update your CocoaPods installation.\" >&2\n    exit 1\nfi\n# This output is used by Xcode 'outputs' to avoid re-running this script phase.\necho \"SUCCESS\" > \"${SCRIPT_OUTPUT_FILE_0}\"\n";
			showEnvVarsInLog = 0;
		};
		AE99CA9977A8547D5D6C7168 /* [CP] Embed Pods Frameworks */ = {
			isa = PBXShellScriptBuildPhase;
			buildActionMask = 2147483647;
			files = (
			);
			inputPaths = (
				"${PODS_ROOT}/Target Support Files/Pods-SwiftySRP_Base-SwiftySRP-SwiftySRPTests/Pods-SwiftySRP_Base-SwiftySRP-SwiftySRPTests-frameworks.sh",
				"${BUILT_PRODUCTS_DIR}/FFDataWrapper/FFDataWrapper.framework",
			);
			name = "[CP] Embed Pods Frameworks";
			outputPaths = (
				"${TARGET_BUILD_DIR}/${FRAMEWORKS_FOLDER_PATH}/FFDataWrapper.framework",
			);
			runOnlyForDeploymentPostprocessing = 0;
			shellPath = /bin/sh;
			shellScript = "\"${PODS_ROOT}/Target Support Files/Pods-SwiftySRP_Base-SwiftySRP-SwiftySRPTests/Pods-SwiftySRP_Base-SwiftySRP-SwiftySRPTests-frameworks.sh\"\n";
			showEnvVarsInLog = 0;
		};
/* End PBXShellScriptBuildPhase section */

/* Begin PBXSourcesBuildPhase section */
		57BD9EAE22B3D89D000BE530 /* Sources */ = {
			isa = PBXSourcesBuildPhase;
			buildActionMask = 2147483647;
			files = (
				57BD9EAF22B3D89D000BE530 /* SRPData.swift in Sources */,
				57BD9EB022B3D89D000BE530 /* SRP.swift in Sources */,
				57BD9EB122B3D89D000BE530 /* SRPError.swift in Sources */,
				57BD9EB222B3D89D000BE530 /* imath+additions.c in Sources */,
				57BD9EB322B3D89D000BE530 /* SRP+Extensions.swift in Sources */,
				57BD9EB422B3D89D000BE530 /* SRP+iMath+Extensions.swift in Sources */,
				57BD9EB522B3D89D000BE530 /* SRPMpzT.swift in Sources */,
				57BD9EB622B3D89D000BE530 /* SRPGenericImpl.swift in Sources */,
				57BD9EB722B3D89D000BE530 /* SRPProtocol.swift in Sources */,
				57BD9EB822B3D89D000BE530 /* SRPConfiguration.swift in Sources */,
				57BD9EB922B3D89D000BE530 /* imath.c in Sources */,
				57BD9EBA22B3D89D000BE530 /* SRPBigIntProtocol.swift in Sources */,
				57BD9EBB22B3D89D000BE530 /* SRPDataGenericImpl.swift in Sources */,
				57BD9EBC22B3D89D000BE530 /* SRPData+BigIntType.swift in Sources */,
				57BD9EBD22B3D89D000BE530 /* SRPUtil.swift in Sources */,
				57BD9EBE22B3D89D000BE530 /* SRP+iMath.swift in Sources */,
				57BD9EBF22B3D89D000BE530 /* SRPConfigurationGenericImpl.swift in Sources */,
				57BD9EC022B3D89D000BE530 /* SRPConfiguration+Extensions.swift in Sources */,
			);
			runOnlyForDeploymentPostprocessing = 0;
		};
		A50090B01E4C74BD00238562 /* Sources */ = {
			isa = PBXSourcesBuildPhase;
			buildActionMask = 2147483647;
			files = (
				A58ACE911E5D858B00FF2C0D /* SRPData.swift in Sources */,
				57AA468A1FCC424E00DEDF67 /* SRP+iMath.swift in Sources */,
				A50091051E4C961100238562 /* SRP.swift in Sources */,
				A58ACE971E5D8A8500FF2C0D /* SRPError.swift in Sources */,
				A5BF31B01E7ABFEE00EC5BCA /* imath+additions.c in Sources */,
				A5D4B1DC1E7C2C0F00BC9A9A /* SRP+Extensions.swift in Sources */,
				A54DFB681E7AD094003F4DB0 /* SRPMpzT.swift in Sources */,
				A52B24CC1E800ED40024707F /* SRPGenericImpl.swift in Sources */,
				A58ACE8F1E5D82B400FF2C0D /* SRPProtocol.swift in Sources */,
				A58ACE871E5D818000FF2C0D /* SRPConfiguration.swift in Sources */,
				A5BF31AA1E7A9AA400EC5BCA /* imath.c in Sources */,
				A5D4B1C91E7BE5C800BC9A9A /* SRPBigIntProtocol.swift in Sources */,
				A52B24C81E7FF54B0024707F /* SRPDataGenericImpl.swift in Sources */,
				A52B24CA1E7FFB9C0024707F /* SRPData+BigIntType.swift in Sources */,
				A58ACE8D1E5D826400FF2C0D /* SRPUtil.swift in Sources */,
				A5D4B1DA1E7C1D2100BC9A9A /* SRPConfigurationGenericImpl.swift in Sources */,
				A5D4B1DE1E7C2D0A00BC9A9A /* SRPConfiguration+Extensions.swift in Sources */,
				57AA468D1FCC436200DEDF67 /* SRP+iMath+Extensions.swift in Sources */,
			);
			runOnlyForDeploymentPostprocessing = 0;
		};
		A50090BA1E4C74BD00238562 /* Sources */ = {
			isa = PBXSourcesBuildPhase;
			buildActionMask = 2147483647;
			files = (
				A50090C41E4C74BD00238562 /* SwiftySRPTests.swift in Sources */,
			);
			runOnlyForDeploymentPostprocessing = 0;
		};
		A5D057551F5454A1004BC5D6 /* Sources */ = {
			isa = PBXSourcesBuildPhase;
			buildActionMask = 2147483647;
			files = (
				A5D057561F5454A1004BC5D6 /* SRPData.swift in Sources */,
				A5D057571F5454A1004BC5D6 /* SRP.swift in Sources */,
				A5D057581F5454A1004BC5D6 /* SRPError.swift in Sources */,
				A5D057591F5454A1004BC5D6 /* imath+additions.c in Sources */,
				A5D0575A1F5454A1004BC5D6 /* SRP+Extensions.swift in Sources */,
				57AA468E1FCC436200DEDF67 /* SRP+iMath+Extensions.swift in Sources */,
				A5D0575B1F5454A1004BC5D6 /* SRPMpzT.swift in Sources */,
				A5D0575C1F5454A1004BC5D6 /* SRPGenericImpl.swift in Sources */,
				A5D0575D1F5454A1004BC5D6 /* SRPProtocol.swift in Sources */,
				A5D0575E1F5454A1004BC5D6 /* SRPConfiguration.swift in Sources */,
				A5D0575F1F5454A1004BC5D6 /* imath.c in Sources */,
				A5D057601F5454A1004BC5D6 /* SRPBigIntProtocol.swift in Sources */,
				A5D057611F5454A1004BC5D6 /* SRPDataGenericImpl.swift in Sources */,
				A5D057621F5454A1004BC5D6 /* SRPData+BigIntType.swift in Sources */,
				A5D057631F5454A1004BC5D6 /* SRPUtil.swift in Sources */,
				57AA468B1FCC424E00DEDF67 /* SRP+iMath.swift in Sources */,
				A5D057641F5454A1004BC5D6 /* SRPConfigurationGenericImpl.swift in Sources */,
				A5D057651F5454A1004BC5D6 /* SRPConfiguration+Extensions.swift in Sources */,
			);
			runOnlyForDeploymentPostprocessing = 0;
		};
/* End PBXSourcesBuildPhase section */

/* Begin PBXTargetDependency section */
		57BD9EDF22B3E0CF000BE530 /* PBXTargetDependency */ = {
			isa = PBXTargetDependency;
			name = FFDataWrapper.static;
			targetProxy = 57BD9EDE22B3E0CF000BE530 /* PBXContainerItemProxy */;
		};
		A50090C11E4C74BD00238562 /* PBXTargetDependency */ = {
			isa = PBXTargetDependency;
			target = A50090B41E4C74BD00238562 /* SwiftySRP */;
			targetProxy = A50090C01E4C74BD00238562 /* PBXContainerItemProxy */;
		};
/* End PBXTargetDependency section */

/* Begin XCBuildConfiguration section */
		57BD9EC922B3D89D000BE530 /* Debug */ = {
			isa = XCBuildConfiguration;
			buildSettings = {
				APPLICATION_EXTENSION_API_ONLY = YES;
				CLANG_ENABLE_MODULES = YES;
				CODE_SIGN_IDENTITY = "";
				DEFINES_MODULE = YES;
				DEVELOPMENT_TEAM = U3842W8E3U;
				DYLIB_COMPATIBILITY_VERSION = 1;
				DYLIB_CURRENT_VERSION = 1;
				DYLIB_INSTALL_NAME_BASE = "@rpath";
				FRAMEWORK_SEARCH_PATHS = (
					"$(inherited)",
					"$(PROJECT_DIR)/Carthage/Build/iOS",
					"$(PROJECT_DIR)/Carthage/Build/iOS/Static",
				);
				INFOPLIST_FILE = SwiftySRP/Info.plist;
				INSTALL_PATH = "$(LOCAL_LIBRARY_DIR)/Frameworks";
				LD_RUNPATH_SEARCH_PATHS = "$(inherited) @executable_path/Frameworks @loader_path/Frameworks";
				MACH_O_TYPE = staticlib;
				MODULEMAP_FILE = SwiftySRP/module.modulemap;
				PRODUCT_BUNDLE_IDENTIFIER = com.flockoffiles.SwiftySRP;
				PRODUCT_NAME = SwiftySRP;
				SKIP_INSTALL = YES;
				SWIFT_OPTIMIZATION_LEVEL = "-Onone";
			};
			name = Debug;
		};
		57BD9ECA22B3D89D000BE530 /* Release */ = {
			isa = XCBuildConfiguration;
			buildSettings = {
				APPLICATION_EXTENSION_API_ONLY = YES;
				CLANG_ENABLE_MODULES = YES;
				CODE_SIGN_IDENTITY = "";
				DEBUG_INFORMATION_FORMAT = dwarf;
				DEFINES_MODULE = YES;
				DEVELOPMENT_TEAM = U3842W8E3U;
				DYLIB_COMPATIBILITY_VERSION = 1;
				DYLIB_CURRENT_VERSION = 1;
				DYLIB_INSTALL_NAME_BASE = "@rpath";
				FRAMEWORK_SEARCH_PATHS = (
					"$(inherited)",
					"$(PROJECT_DIR)/Carthage/Build/iOS",
					"$(PROJECT_DIR)/Carthage/Build/iOS/Static",
				);
				INFOPLIST_FILE = SwiftySRP/Info.plist;
				INSTALL_PATH = "$(LOCAL_LIBRARY_DIR)/Frameworks";
				LD_RUNPATH_SEARCH_PATHS = "$(inherited) @executable_path/Frameworks @loader_path/Frameworks";
				MACH_O_TYPE = staticlib;
				MODULEMAP_FILE = SwiftySRP/module.modulemap;
				PRODUCT_BUNDLE_IDENTIFIER = com.flockoffiles.SwiftySRP;
				PRODUCT_NAME = SwiftySRP;
				SKIP_INSTALL = YES;
			};
			name = Release;
		};
		A50090C71E4C74BD00238562 /* Debug */ = {
			isa = XCBuildConfiguration;
			buildSettings = {
				ALWAYS_SEARCH_USER_PATHS = NO;
				CLANG_ANALYZER_LOCALIZABILITY_NONLOCALIZED = YES;
				CLANG_ANALYZER_NONNULL = YES;
				CLANG_CXX_LANGUAGE_STANDARD = "gnu++0x";
				CLANG_CXX_LIBRARY = "libc++";
				CLANG_ENABLE_MODULES = YES;
				CLANG_ENABLE_OBJC_ARC = YES;
				CLANG_WARN_BLOCK_CAPTURE_AUTORELEASING = YES;
				CLANG_WARN_BOOL_CONVERSION = YES;
				CLANG_WARN_COMMA = YES;
				CLANG_WARN_CONSTANT_CONVERSION = YES;
				CLANG_WARN_DEPRECATED_OBJC_IMPLEMENTATIONS = YES;
				CLANG_WARN_DIRECT_OBJC_ISA_USAGE = YES_ERROR;
				CLANG_WARN_DOCUMENTATION_COMMENTS = YES;
				CLANG_WARN_EMPTY_BODY = YES;
				CLANG_WARN_ENUM_CONVERSION = YES;
				CLANG_WARN_INFINITE_RECURSION = YES;
				CLANG_WARN_INT_CONVERSION = YES;
				CLANG_WARN_NON_LITERAL_NULL_CONVERSION = YES;
				CLANG_WARN_OBJC_IMPLICIT_RETAIN_SELF = YES;
				CLANG_WARN_OBJC_LITERAL_CONVERSION = YES;
				CLANG_WARN_OBJC_ROOT_CLASS = YES_ERROR;
				CLANG_WARN_RANGE_LOOP_ANALYSIS = YES;
				CLANG_WARN_STRICT_PROTOTYPES = YES;
				CLANG_WARN_SUSPICIOUS_MOVE = YES;
				CLANG_WARN_UNREACHABLE_CODE = YES;
				CLANG_WARN__DUPLICATE_METHOD_MATCH = YES;
				"CODE_SIGN_IDENTITY[sdk=iphoneos*]" = "iPhone Developer";
				COPY_PHASE_STRIP = NO;
				CURRENT_PROJECT_VERSION = 1;
				DEBUG_INFORMATION_FORMAT = dwarf;
				ENABLE_STRICT_OBJC_MSGSEND = YES;
				ENABLE_TESTABILITY = YES;
				GCC_C_LANGUAGE_STANDARD = gnu99;
				GCC_DYNAMIC_NO_PIC = NO;
				GCC_NO_COMMON_BLOCKS = YES;
				GCC_OPTIMIZATION_LEVEL = 0;
				GCC_PREPROCESSOR_DEFINITIONS = (
					"DEBUG=1",
					"$(inherited)",
				);
				GCC_WARN_64_TO_32_BIT_CONVERSION = YES;
				GCC_WARN_ABOUT_RETURN_TYPE = YES_ERROR;
				GCC_WARN_UNDECLARED_SELECTOR = YES;
				GCC_WARN_UNINITIALIZED_AUTOS = YES_AGGRESSIVE;
				GCC_WARN_UNUSED_FUNCTION = YES;
				GCC_WARN_UNUSED_VARIABLE = YES;
				IPHONEOS_DEPLOYMENT_TARGET = 9.3;
				MTL_ENABLE_DEBUG_INFO = YES;
				ONLY_ACTIVE_ARCH = YES;
				SDKROOT = iphoneos;
				SWIFT_ACTIVE_COMPILATION_CONDITIONS = DEBUG;
				SWIFT_OPTIMIZATION_LEVEL = "-Onone";
				SWIFT_VERSION = 5.0;
				TARGETED_DEVICE_FAMILY = "1,2";
				VERSIONING_SYSTEM = "apple-generic";
				VERSION_INFO_PREFIX = "";
			};
			name = Debug;
		};
		A50090C81E4C74BD00238562 /* Release */ = {
			isa = XCBuildConfiguration;
			buildSettings = {
				ALWAYS_SEARCH_USER_PATHS = NO;
				CLANG_ANALYZER_LOCALIZABILITY_NONLOCALIZED = YES;
				CLANG_ANALYZER_NONNULL = YES;
				CLANG_CXX_LANGUAGE_STANDARD = "gnu++0x";
				CLANG_CXX_LIBRARY = "libc++";
				CLANG_ENABLE_MODULES = YES;
				CLANG_ENABLE_OBJC_ARC = YES;
				CLANG_WARN_BLOCK_CAPTURE_AUTORELEASING = YES;
				CLANG_WARN_BOOL_CONVERSION = YES;
				CLANG_WARN_COMMA = YES;
				CLANG_WARN_CONSTANT_CONVERSION = YES;
				CLANG_WARN_DEPRECATED_OBJC_IMPLEMENTATIONS = YES;
				CLANG_WARN_DIRECT_OBJC_ISA_USAGE = YES_ERROR;
				CLANG_WARN_DOCUMENTATION_COMMENTS = YES;
				CLANG_WARN_EMPTY_BODY = YES;
				CLANG_WARN_ENUM_CONVERSION = YES;
				CLANG_WARN_INFINITE_RECURSION = YES;
				CLANG_WARN_INT_CONVERSION = YES;
				CLANG_WARN_NON_LITERAL_NULL_CONVERSION = YES;
				CLANG_WARN_OBJC_IMPLICIT_RETAIN_SELF = YES;
				CLANG_WARN_OBJC_LITERAL_CONVERSION = YES;
				CLANG_WARN_OBJC_ROOT_CLASS = YES_ERROR;
				CLANG_WARN_RANGE_LOOP_ANALYSIS = YES;
				CLANG_WARN_STRICT_PROTOTYPES = YES;
				CLANG_WARN_SUSPICIOUS_MOVE = YES;
				CLANG_WARN_UNREACHABLE_CODE = YES;
				CLANG_WARN__DUPLICATE_METHOD_MATCH = YES;
				"CODE_SIGN_IDENTITY[sdk=iphoneos*]" = "iPhone Developer";
				COPY_PHASE_STRIP = NO;
				CURRENT_PROJECT_VERSION = 1;
				DEBUG_INFORMATION_FORMAT = "dwarf-with-dsym";
				ENABLE_NS_ASSERTIONS = NO;
				ENABLE_STRICT_OBJC_MSGSEND = YES;
				GCC_C_LANGUAGE_STANDARD = gnu99;
				GCC_NO_COMMON_BLOCKS = YES;
				GCC_WARN_64_TO_32_BIT_CONVERSION = YES;
				GCC_WARN_ABOUT_RETURN_TYPE = YES_ERROR;
				GCC_WARN_UNDECLARED_SELECTOR = YES;
				GCC_WARN_UNINITIALIZED_AUTOS = YES_AGGRESSIVE;
				GCC_WARN_UNUSED_FUNCTION = YES;
				GCC_WARN_UNUSED_VARIABLE = YES;
				IPHONEOS_DEPLOYMENT_TARGET = 9.3;
				MTL_ENABLE_DEBUG_INFO = NO;
				SDKROOT = iphoneos;
				SWIFT_OPTIMIZATION_LEVEL = "-Owholemodule";
				SWIFT_VERSION = 5.0;
				TARGETED_DEVICE_FAMILY = "1,2";
				VALIDATE_PRODUCT = YES;
				VERSIONING_SYSTEM = "apple-generic";
				VERSION_INFO_PREFIX = "";
			};
			name = Release;
		};
		A50090CA1E4C74BD00238562 /* Debug */ = {
			isa = XCBuildConfiguration;
			baseConfigurationReference = BFE2C437828277B7A84D87AE /* Pods-SwiftySRP_Base-SwiftySRP.debug.xcconfig */;
			buildSettings = {
				APPLICATION_EXTENSION_API_ONLY = YES;
				CLANG_ENABLE_MODULES = YES;
				CODE_SIGN_IDENTITY = "";
				CODE_SIGN_STYLE = Manual;
				DEFINES_MODULE = YES;
				DEVELOPMENT_TEAM = "";
				DYLIB_COMPATIBILITY_VERSION = 1;
				DYLIB_CURRENT_VERSION = 1;
				DYLIB_INSTALL_NAME_BASE = "@rpath";
				INFOPLIST_FILE = SwiftySRP/Info.plist;
				INSTALL_PATH = "$(LOCAL_LIBRARY_DIR)/Frameworks";
				LD_RUNPATH_SEARCH_PATHS = "$(inherited) @executable_path/Frameworks @loader_path/Frameworks";
				MODULEMAP_FILE = SwiftySRP/module.modulemap;
				PRODUCT_BUNDLE_IDENTIFIER = com.flockoffiles.SwiftySRP;
				PRODUCT_NAME = "$(TARGET_NAME)";
				PROVISIONING_PROFILE_SPECIFIER = "";
				SKIP_INSTALL = YES;
				SWIFT_OPTIMIZATION_LEVEL = "-Onone";
			};
			name = Debug;
		};
		A50090CB1E4C74BD00238562 /* Release */ = {
			isa = XCBuildConfiguration;
			baseConfigurationReference = FD02F82AB3A137C540FE76A5 /* Pods-SwiftySRP_Base-SwiftySRP.release.xcconfig */;
			buildSettings = {
				APPLICATION_EXTENSION_API_ONLY = YES;
				CLANG_ENABLE_MODULES = YES;
				CODE_SIGN_IDENTITY = "";
				CODE_SIGN_STYLE = Manual;
				DEFINES_MODULE = YES;
				DEVELOPMENT_TEAM = "";
				DYLIB_COMPATIBILITY_VERSION = 1;
				DYLIB_CURRENT_VERSION = 1;
				DYLIB_INSTALL_NAME_BASE = "@rpath";
				INFOPLIST_FILE = SwiftySRP/Info.plist;
				INSTALL_PATH = "$(LOCAL_LIBRARY_DIR)/Frameworks";
				LD_RUNPATH_SEARCH_PATHS = "$(inherited) @executable_path/Frameworks @loader_path/Frameworks";
				MODULEMAP_FILE = SwiftySRP/module.modulemap;
				PRODUCT_BUNDLE_IDENTIFIER = com.flockoffiles.SwiftySRP;
				PRODUCT_NAME = "$(TARGET_NAME)";
				PROVISIONING_PROFILE_SPECIFIER = "";
				SKIP_INSTALL = YES;
			};
			name = Release;
		};
		A50090CD1E4C74BD00238562 /* Debug */ = {
			isa = XCBuildConfiguration;
			baseConfigurationReference = 8AD64A74F54AF236E5BAF297 /* Pods-SwiftySRP_Base-SwiftySRP-SwiftySRPTests.debug.xcconfig */;
			buildSettings = {
				ALWAYS_EMBED_SWIFT_STANDARD_LIBRARIES = "$(inherited)";
				CLANG_ENABLE_MODULES = YES;
				CODE_SIGN_STYLE = Manual;
				DEVELOPMENT_TEAM = "";
				INFOPLIST_FILE = SwiftySRPTests/Info.plist;
				LD_RUNPATH_SEARCH_PATHS = "$(inherited) @executable_path/Frameworks @loader_path/Frameworks";
				PRODUCT_BUNDLE_IDENTIFIER = com.flockoffiles.SwiftySRPTests;
				PRODUCT_NAME = "$(TARGET_NAME)";
				PROVISIONING_PROFILE_SPECIFIER = "";
				SWIFT_OBJC_BRIDGING_HEADER = "SwiftySRPTests/SwiftySRPTests-Bridging-Header.h";
				SWIFT_OPTIMIZATION_LEVEL = "-Onone";
			};
			name = Debug;
		};
		A50090CE1E4C74BD00238562 /* Release */ = {
			isa = XCBuildConfiguration;
			baseConfigurationReference = 924A9282F3552F13AD0B12F4 /* Pods-SwiftySRP_Base-SwiftySRP-SwiftySRPTests.release.xcconfig */;
			buildSettings = {
				ALWAYS_EMBED_SWIFT_STANDARD_LIBRARIES = "$(inherited)";
				CLANG_ENABLE_MODULES = YES;
				CODE_SIGN_STYLE = Manual;
				DEVELOPMENT_TEAM = "";
				INFOPLIST_FILE = SwiftySRPTests/Info.plist;
				LD_RUNPATH_SEARCH_PATHS = "$(inherited) @executable_path/Frameworks @loader_path/Frameworks";
				PRODUCT_BUNDLE_IDENTIFIER = com.flockoffiles.SwiftySRPTests;
				PRODUCT_NAME = "$(TARGET_NAME)";
				PROVISIONING_PROFILE_SPECIFIER = "";
				SWIFT_OBJC_BRIDGING_HEADER = "SwiftySRPTests/SwiftySRPTests-Bridging-Header.h";
			};
			name = Release;
		};
		A5D0576D1F5454A1004BC5D6 /* Debug */ = {
			isa = XCBuildConfiguration;
			buildSettings = {
				APPLICATION_EXTENSION_API_ONLY = YES;
				CLANG_ENABLE_MODULES = YES;
				CODE_SIGN_IDENTITY = "";
				DEFINES_MODULE = YES;
				DEVELOPMENT_TEAM = U3842W8E3U;
				DYLIB_COMPATIBILITY_VERSION = 1;
				DYLIB_CURRENT_VERSION = 1;
				DYLIB_INSTALL_NAME_BASE = "@rpath";
				FRAMEWORK_SEARCH_PATHS = (
					"$(inherited)",
					"$(PROJECT_DIR)/Carthage/Build/iOS",
					"$(PROJECT_DIR)/Carthage/Build/iOS/Static",
				);
				INFOPLIST_FILE = SwiftySRP/Info.plist;
				INSTALL_PATH = "$(LOCAL_LIBRARY_DIR)/Frameworks";
				LD_RUNPATH_SEARCH_PATHS = "$(inherited) @executable_path/Frameworks @loader_path/Frameworks";
				MODULEMAP_FILE = SwiftySRP/module.modulemap;
				PRODUCT_BUNDLE_IDENTIFIER = com.flockoffiles.SwiftySRP;
				PRODUCT_NAME = SwiftySRP;
				SKIP_INSTALL = YES;
				SWIFT_OPTIMIZATION_LEVEL = "-Onone";
			};
			name = Debug;
		};
		A5D0576E1F5454A1004BC5D6 /* Release */ = {
			isa = XCBuildConfiguration;
			buildSettings = {
				APPLICATION_EXTENSION_API_ONLY = YES;
				CLANG_ENABLE_MODULES = YES;
				CODE_SIGN_IDENTITY = "";
				DEFINES_MODULE = YES;
				DEVELOPMENT_TEAM = U3842W8E3U;
				DYLIB_COMPATIBILITY_VERSION = 1;
				DYLIB_CURRENT_VERSION = 1;
				DYLIB_INSTALL_NAME_BASE = "@rpath";
				FRAMEWORK_SEARCH_PATHS = (
					"$(inherited)",
					"$(PROJECT_DIR)/Carthage/Build/iOS",
					"$(PROJECT_DIR)/Carthage/Build/iOS/Static",
				);
				INFOPLIST_FILE = SwiftySRP/Info.plist;
				INSTALL_PATH = "$(LOCAL_LIBRARY_DIR)/Frameworks";
				LD_RUNPATH_SEARCH_PATHS = "$(inherited) @executable_path/Frameworks @loader_path/Frameworks";
				MODULEMAP_FILE = SwiftySRP/module.modulemap;
				PRODUCT_BUNDLE_IDENTIFIER = com.flockoffiles.SwiftySRP;
				PRODUCT_NAME = SwiftySRP;
				SKIP_INSTALL = YES;
			};
			name = Release;
		};
/* End XCBuildConfiguration section */

/* Begin XCConfigurationList section */
		57BD9EC822B3D89D000BE530 /* Build configuration list for PBXNativeTarget "SwiftySRP-iOS.static" */ = {
			isa = XCConfigurationList;
			buildConfigurations = (
				57BD9EC922B3D89D000BE530 /* Debug */,
				57BD9ECA22B3D89D000BE530 /* Release */,
			);
			defaultConfigurationIsVisible = 0;
			defaultConfigurationName = Release;
		};
		A50090AF1E4C74BD00238562 /* Build configuration list for PBXProject "SwiftySRP" */ = {
			isa = XCConfigurationList;
			buildConfigurations = (
				A50090C71E4C74BD00238562 /* Debug */,
				A50090C81E4C74BD00238562 /* Release */,
			);
			defaultConfigurationIsVisible = 0;
			defaultConfigurationName = Release;
		};
		A50090C91E4C74BD00238562 /* Build configuration list for PBXNativeTarget "SwiftySRP" */ = {
			isa = XCConfigurationList;
			buildConfigurations = (
				A50090CA1E4C74BD00238562 /* Debug */,
				A50090CB1E4C74BD00238562 /* Release */,
			);
			defaultConfigurationIsVisible = 0;
			defaultConfigurationName = Release;
		};
		A50090CC1E4C74BD00238562 /* Build configuration list for PBXNativeTarget "SwiftySRPTests" */ = {
			isa = XCConfigurationList;
			buildConfigurations = (
				A50090CD1E4C74BD00238562 /* Debug */,
				A50090CE1E4C74BD00238562 /* Release */,
			);
			defaultConfigurationIsVisible = 0;
			defaultConfigurationName = Release;
		};
		A5D0576C1F5454A1004BC5D6 /* Build configuration list for PBXNativeTarget "SwiftySRP-iOS" */ = {
			isa = XCConfigurationList;
			buildConfigurations = (
				A5D0576D1F5454A1004BC5D6 /* Debug */,
				A5D0576E1F5454A1004BC5D6 /* Release */,
			);
			defaultConfigurationIsVisible = 0;
			defaultConfigurationName = Release;
		};
/* End XCConfigurationList section */
	};
	rootObject = A50090AC1E4C74BD00238562 /* Project object */;
}
